// !$*UTF8*$!
{
	archiveVersion = 1;
	classes = {
	};
	objectVersion = 46;
	objects = {

/* Begin PBXBuildFile section */
		15C822541A8008B000F13B56 /* main.m in Sources */ = {isa = PBXBuildFile; fileRef = 15C822531A8008B000F13B56 /* main.m */; };
		15C822571A8008B000F13B56 /* AppDelegate.m in Sources */ = {isa = PBXBuildFile; fileRef = 15C822561A8008B000F13B56 /* AppDelegate.m */; };
		15C8225A1A8008B000F13B56 /* FirstViewController.m in Sources */ = {isa = PBXBuildFile; fileRef = 15C822591A8008B000F13B56 /* FirstViewController.m */; };
		15C8225D1A8008B000F13B56 /* SecondViewController.m in Sources */ = {isa = PBXBuildFile; fileRef = 15C8225C1A8008B000F13B56 /* SecondViewController.m */; };
		15C822601A8008B000F13B56 /* Main.storyboard in Resources */ = {isa = PBXBuildFile; fileRef = 15C8225E1A8008B000F13B56 /* Main.storyboard */; };
		15C822621A8008B000F13B56 /* Images.xcassets in Resources */ = {isa = PBXBuildFile; fileRef = 15C822611A8008B000F13B56 /* Images.xcassets */; };
		15C822651A8008B000F13B56 /* LaunchScreen.xib in Resources */ = {isa = PBXBuildFile; fileRef = 15C822631A8008B000F13B56 /* LaunchScreen.xib */; };
		15C822711A8008B000F13B56 /* TabBOXTests.m in Sources */ = {isa = PBXBuildFile; fileRef = 15C822701A8008B000F13B56 /* TabBOXTests.m */; };
/* End PBXBuildFile section */

/* Begin PBXContainerItemProxy section */
		15C8226B1A8008B000F13B56 /* PBXContainerItemProxy */ = {
			isa = PBXContainerItemProxy;
			containerPortal = 15C822461A8008B000F13B56 /* Project object */;
			proxyType = 1;
			remoteGlobalIDString = 15C8224D1A8008B000F13B56;
			remoteInfo = TabBOX;
		};
/* End PBXContainerItemProxy section */

/* Begin PBXFileReference section */
		15C8224E1A8008B000F13B56 /* TabBOX.app */ = {isa = PBXFileReference; explicitFileType = wrapper.application; includeInIndex = 0; path = TabBOX.app; sourceTree = BUILT_PRODUCTS_DIR; };
		15C822521A8008B000F13B56 /* Info.plist */ = {isa = PBXFileReference; lastKnownFileType = text.plist.xml; path = Info.plist; sourceTree = "<group>"; };
		15C822531A8008B000F13B56 /* main.m */ = {isa = PBXFileReference; lastKnownFileType = sourcecode.c.objc; path = main.m; sourceTree = "<group>"; };
		15C822551A8008B000F13B56 /* AppDelegate.h */ = {isa = PBXFileReference; lastKnownFileType = sourcecode.c.h; path = AppDelegate.h; sourceTree = "<group>"; };
		15C822561A8008B000F13B56 /* AppDelegate.m */ = {isa = PBXFileReference; lastKnownFileType = sourcecode.c.objc; path = AppDelegate.m; sourceTree = "<group>"; };
		15C822581A8008B000F13B56 /* FirstViewController.h */ = {isa = PBXFileReference; lastKnownFileType = sourcecode.c.h; path = FirstViewController.h; sourceTree = "<group>"; };
		15C822591A8008B000F13B56 /* FirstViewController.m */ = {isa = PBXFileReference; lastKnownFileType = sourcecode.c.objc; path = FirstViewController.m; sourceTree = "<group>"; };
		15C8225B1A8008B000F13B56 /* SecondViewController.h */ = {isa = PBXFileReference; lastKnownFileType = sourcecode.c.h; path = SecondViewController.h; sourceTree = "<group>"; };
		15C8225C1A8008B000F13B56 /* SecondViewController.m */ = {isa = PBXFileReference; lastKnownFileType = sourcecode.c.objc; path = SecondViewController.m; sourceTree = "<group>"; };
		15C8225F1A8008B000F13B56 /* Base */ = {isa = PBXFileReference; lastKnownFileType = file.storyboard; name = Base; path = Base.lproj/Main.storyboard; sourceTree = "<group>"; };
		15C822611A8008B000F13B56 /* Images.xcassets */ = {isa = PBXFileReference; lastKnownFileType = folder.assetcatalog; path = Images.xcassets; sourceTree = "<group>"; };
		15C822641A8008B000F13B56 /* Base */ = {isa = PBXFileReference; lastKnownFileType = file.xib; name = Base; path = Base.lproj/LaunchScreen.xib; sourceTree = "<group>"; };
		15C8226A1A8008B000F13B56 /* TabBOXTests.xctest */ = {isa = PBXFileReference; explicitFileType = wrapper.cfbundle; includeInIndex = 0; path = TabBOXTests.xctest; sourceTree = BUILT_PRODUCTS_DIR; };
		15C8226F1A8008B000F13B56 /* Info.plist */ = {isa = PBXFileReference; lastKnownFileType = text.plist.xml; path = Info.plist; sourceTree = "<group>"; };
		15C822701A8008B000F13B56 /* TabBOXTests.m */ = {isa = PBXFileReference; lastKnownFileType = sourcecode.c.objc; path = TabBOXTests.m; sourceTree = "<group>"; };
/* End PBXFileReference section */

/* Begin PBXFrameworksBuildPhase section */
		15C8224B1A8008B000F13B56 /* Frameworks */ = {
			isa = PBXFrameworksBuildPhase;
			buildActionMask = 2147483647;
			files = (
			);
			runOnlyForDeploymentPostprocessing = 0;
		};
		15C822671A8008B000F13B56 /* Frameworks */ = {
			isa = PBXFrameworksBuildPhase;
			buildActionMask = 2147483647;
			files = (
			);
			runOnlyForDeploymentPostprocessing = 0;
		};
/* End PBXFrameworksBuildPhase section */

/* Begin PBXGroup section */
		15C822451A8008B000F13B56 = {
			isa = PBXGroup;
			children = (
				15C822501A8008B000F13B56 /* TabBOX */,
				15C8226D1A8008B000F13B56 /* TabBOXTests */,
				15C8224F1A8008B000F13B56 /* Products */,
			);
			sourceTree = "<group>";
		};
		15C8224F1A8008B000F13B56 /* Products */ = {
			isa = PBXGroup;
			children = (
				15C8224E1A8008B000F13B56 /* TabBOX.app */,
				15C8226A1A8008B000F13B56 /* TabBOXTests.xctest */,
			);
			name = Products;
			sourceTree = "<group>";
		};
		15C822501A8008B000F13B56 /* TabBOX */ = {
			isa = PBXGroup;
			children = (
				15C822551A8008B000F13B56 /* AppDelegate.h */,
				15C822561A8008B000F13B56 /* AppDelegate.m */,
				15C822581A8008B000F13B56 /* FirstViewController.h */,
				15C822591A8008B000F13B56 /* FirstViewController.m */,
				15C8225B1A8008B000F13B56 /* SecondViewController.h */,
				15C8225C1A8008B000F13B56 /* SecondViewController.m */,
				15C8225E1A8008B000F13B56 /* Main.storyboard */,
				15C822611A8008B000F13B56 /* Images.xcassets */,
				15C822631A8008B000F13B56 /* LaunchScreen.xib */,
				15C822511A8008B000F13B56 /* Supporting Files */,
			);
			path = TabBOX;
			sourceTree = "<group>";
		};
		15C822511A8008B000F13B56 /* Supporting Files */ = {
			isa = PBXGroup;
			children = (
				15C822521A8008B000F13B56 /* Info.plist */,
				15C822531A8008B000F13B56 /* main.m */,
			);
			name = "Supporting Files";
			sourceTree = "<group>";
		};
		15C8226D1A8008B000F13B56 /* TabBOXTests */ = {
			isa = PBXGroup;
			children = (
				15C822701A8008B000F13B56 /* TabBOXTests.m */,
				15C8226E1A8008B000F13B56 /* Supporting Files */,
			);
			path = TabBOXTests;
			sourceTree = "<group>";
		};
		15C8226E1A8008B000F13B56 /* Supporting Files */ = {
			isa = PBXGroup;
			children = (
				15C8226F1A8008B000F13B56 /* Info.plist */,
			);
			name = "Supporting Files";
			sourceTree = "<group>";
		};
/* End PBXGroup section */

/* Begin PBXNativeTarget section */
		15C8224D1A8008B000F13B56 /* TabBOX */ = {
			isa = PBXNativeTarget;
			buildConfigurationList = 15C822741A8008B000F13B56 /* Build configuration list for PBXNativeTarget "TabBOX" */;
			buildPhases = (
				15C8224A1A8008B000F13B56 /* Sources */,
				15C8224B1A8008B000F13B56 /* Frameworks */,
				15C8224C1A8008B000F13B56 /* Resources */,
			);
			buildRules = (
			);
			dependencies = (
			);
			name = TabBOX;
			productName = TabBOX;
			productReference = 15C8224E1A8008B000F13B56 /* TabBOX.app */;
			productType = "com.apple.product-type.application";
		};
		15C822691A8008B000F13B56 /* TabBOXTests */ = {
			isa = PBXNativeTarget;
			buildConfigurationList = 15C822771A8008B000F13B56 /* Build configuration list for PBXNativeTarget "TabBOXTests" */;
			buildPhases = (
				15C822661A8008B000F13B56 /* Sources */,
				15C822671A8008B000F13B56 /* Frameworks */,
				15C822681A8008B000F13B56 /* Resources */,
			);
			buildRules = (
			);
			dependencies = (
				15C8226C1A8008B000F13B56 /* PBXTargetDependency */,
			);
			name = TabBOXTests;
			productName = TabBOXTests;
			productReference = 15C8226A1A8008B000F13B56 /* TabBOXTests.xctest */;
			productType = "com.apple.product-type.bundle.unit-test";
		};
/* End PBXNativeTarget section */

/* Begin PBXProject section */
		15C822461A8008B000F13B56 /* Project object */ = {
			isa = PBXProject;
			attributes = {
				LastUpgradeCheck = 0610;
				ORGANIZATIONNAME = MAKSBU;
				TargetAttributes = {
					15C8224D1A8008B000F13B56 = {
						CreatedOnToolsVersion = 6.1.1;
					};
					15C822691A8008B000F13B56 = {
						CreatedOnToolsVersion = 6.1.1;
						TestTargetID = 15C8224D1A8008B000F13B56;
					};
				};
			};
			buildConfigurationList = 15C822491A8008B000F13B56 /* Build configuration list for PBXProject "TabBOX" */;
			compatibilityVersion = "Xcode 3.2";
			developmentRegion = English;
			hasScannedForEncodings = 0;
			knownRegions = (
				en,
				Base,
			);
			mainGroup = 15C822451A8008B000F13B56;
			productRefGroup = 15C8224F1A8008B000F13B56 /* Products */;
			projectDirPath = "";
			projectRoot = "";
			targets = (
				15C8224D1A8008B000F13B56 /* TabBOX */,
				15C822691A8008B000F13B56 /* TabBOXTests */,
			);
		};
/* End PBXProject section */

/* Begin PBXResourcesBuildPhase section */
		15C8224C1A8008B000F13B56 /* Resources */ = {
			isa = PBXResourcesBuildPhase;
			buildActionMask = 2147483647;
			files = (
				15C822601A8008B000F13B56 /* Main.storyboard in Resources */,
				15C822651A8008B000F13B56 /* LaunchScreen.xib in Resources */,
				15C822621A8008B000F13B56 /* Images.xcassets in Resources */,
			);
			runOnlyForDeploymentPostprocessing = 0;
		};
		15C822681A8008B000F13B56 /* Resources */ = {
			isa = PBXResourcesBuildPhase;
			buildActionMask = 2147483647;
			files = (
			);
			runOnlyForDeploymentPostprocessing = 0;
		};
/* End PBXResourcesBuildPhase section */

/* Begin PBXSourcesBuildPhase section */
		15C8224A1A8008B000F13B56 /* Sources */ = {
			isa = PBXSourcesBuildPhase;
			buildActionMask = 2147483647;
			files = (
				15C8225D1A8008B000F13B56 /* SecondViewController.m in Sources */,
				15C822571A8008B000F13B56 /* AppDelegate.m in Sources */,
				15C8225A1A8008B000F13B56 /* FirstViewController.m in Sources */,
				15C822541A8008B000F13B56 /* main.m in Sources */,
			);
			runOnlyForDeploymentPostprocessing = 0;
		};
		15C822661A8008B000F13B56 /* Sources */ = {
			isa = PBXSourcesBuildPhase;
			buildActionMask = 2147483647;
			files = (
				15C822711A8008B000F13B56 /* TabBOXTests.m in Sources */,
			);
			runOnlyForDeploymentPostprocessing = 0;
		};
/* End PBXSourcesBuildPhase section */

/* Begin PBXTargetDependency section */
		15C8226C1A8008B000F13B56 /* PBXTargetDependency */ = {
			isa = PBXTargetDependency;
			target = 15C8224D1A8008B000F13B56 /* TabBOX */;
			targetProxy = 15C8226B1A8008B000F13B56 /* PBXContainerItemProxy */;
		};
/* End PBXTargetDependency section */

/* Begin PBXVariantGroup section */
		15C8225E1A8008B000F13B56 /* Main.storyboard */ = {
			isa = PBXVariantGroup;
			children = (
				15C8225F1A8008B000F13B56 /* Base */,
			);
			name = Main.storyboard;
			sourceTree = "<group>";
		};
		15C822631A8008B000F13B56 /* LaunchScreen.xib */ = {
			isa = PBXVariantGroup;
			children = (
				15C822641A8008B000F13B56 /* Base */,
			);
			name = LaunchScreen.xib;
			sourceTree = "<group>";
		};
/* End PBXVariantGroup section */

/* Begin XCBuildConfiguration section */
		15C822721A8008B000F13B56 /* Debug */ = {
			isa = XCBuildConfiguration;
			buildSettings = {
				ALWAYS_SEARCH_USER_PATHS = NO;
				CLANG_CXX_LANGUAGE_STANDARD = "gnu++0x";
				CLANG_CXX_LIBRARY = "libc++";
				CLANG_ENABLE_MODULES = YES;
				CLANG_ENABLE_OBJC_ARC = YES;
				CLANG_WARN_BOOL_CONVERSION = YES;
				CLANG_WARN_CONSTANT_CONVERSION = YES;
				CLANG_WARN_DIRECT_OBJC_ISA_USAGE = YES_ERROR;
				CLANG_WARN_EMPTY_BODY = YES;
				CLANG_WARN_ENUM_CONVERSION = YES;
				CLANG_WARN_INT_CONVERSION = YES;
				CLANG_WARN_OBJC_ROOT_CLASS = YES_ERROR;
				CLANG_WARN_UNREACHABLE_CODE = YES;
				CLANG_WARN__DUPLICATE_METHOD_MATCH = YES;
				"CODE_SIGN_IDENTITY[sdk=iphoneos*]" = "iPhone Developer";
				COPY_PHASE_STRIP = NO;
				ENABLE_STRICT_OBJC_MSGSEND = YES;
				GCC_C_LANGUAGE_STANDARD = gnu99;
				GCC_DYNAMIC_NO_PIC = NO;
				GCC_OPTIMIZATION_LEVEL = 0;
				GCC_PREPROCESSOR_DEFINITIONS = (
					"DEBUG=1",
					"$(inherited)",
				);
				GCC_SYMBOLS_PRIVATE_EXTERN = NO;
				GCC_WARN_64_TO_32_BIT_CONVERSION = YES;
				GCC_WARN_ABOUT_RETURN_TYPE = YES_ERROR;
				GCC_WARN_UNDECLARED_SELECTOR = YES;
				GCC_WARN_UNINITIALIZED_AUTOS = YES_AGGRESSIVE;
				GCC_WARN_UNUSED_FUNCTION = YES;
				GCC_WARN_UNUSED_VARIABLE = YES;
				IPHONEOS_DEPLOYMENT_TARGET = 8.1;
				MTL_ENABLE_DEBUG_INFO = YES;
				ONLY_ACTIVE_ARCH = YES;
				SDKROOT = iphoneos;
				TARGETED_DEVICE_FAMILY = 2;
			};
			name = Debug;
		};
		15C822731A8008B000F13B56 /* Release */ = {
			isa = XCBuildConfiguration;
			buildSettings = {
				ALWAYS_SEARCH_USER_PATHS = NO;
				CLANG_CXX_LANGUAGE_STANDARD = "gnu++0x";
				CLANG_CXX_LIBRARY = "libc++";
				CLANG_ENABLE_MODULES = YES;
				CLANG_ENABLE_OBJC_ARC = YES;
				CLANG_WARN_BOOL_CONVERSION = YES;
				CLANG_WARN_CONSTANT_CONVERSION = YES;
				CLANG_WARN_DIRECT_OBJC_ISA_USAGE = YES_ERROR;
				CLANG_WARN_EMPTY_BODY = YES;
				CLANG_WARN_ENUM_CONVERSION = YES;
				CLANG_WARN_INT_CONVERSION = YES;
				CLANG_WARN_OBJC_ROOT_CLASS = YES_ERROR;
				CLANG_WARN_UNREACHABLE_CODE = YES;
				CLANG_WARN__DUPLICATE_METHOD_MATCH = YES;
				"CODE_SIGN_IDENTITY[sdk=iphoneos*]" = "iPhone Developer";
				COPY_PHASE_STRIP = YES;
				ENABLE_NS_ASSERTIONS = NO;
				ENABLE_STRICT_OBJC_MSGSEND = YES;
				GCC_C_LANGUAGE_STANDARD = gnu99;
				GCC_WARN_64_TO_32_BIT_CONVERSION = YES;
				GCC_WARN_ABOUT_RETURN_TYPE = YES_ERROR;
				GCC_WARN_UNDECLARED_SELECTOR = YES;
				GCC_WARN_UNINITIALIZED_AUTOS = YES_AGGRESSIVE;
				GCC_WARN_UNUSED_FUNCTION = YES;
				GCC_WARN_UNUSED_VARIABLE = YES;
				IPHONEOS_DEPLOYMENT_TARGET = 8.1;
				MTL_ENABLE_DEBUG_INFO = NO;
				SDKROOT = iphoneos;
				TARGETED_DEVICE_FAMILY = 2;
				VALIDATE_PRODUCT = YES;
			};
			name = Release;
		};
		15C822751A8008B000F13B56 /* Debug */ = {
			isa = XCBuildConfiguration;
			buildSettings = {
				ASSETCATALOG_COMPILER_APPICON_NAME = AppIcon;
				INFOPLIST_FILE = TabBOX/Info.plist;
				LD_RUNPATH_SEARCH_PATHS = "$(inherited) @executable_path/Frameworks";
				PRODUCT_NAME = "$(TARGET_NAME)";
			};
			name = Debug;
		};
		15C822761A8008B000F13B56 /* Release */ = {
			isa = XCBuildConfiguration;
			buildSettings = {
				ASSETCATALOG_COMPILER_APPICON_NAME = AppIcon;
				INFOPLIST_FILE = TabBOX/Info.plist;
				LD_RUNPATH_SEARCH_PATHS = "$(inherited) @executable_path/Frameworks";
				PRODUCT_NAME = "$(TARGET_NAME)";
			};
			name = Release;
		};
		15C822781A8008B000F13B56 /* Debug */ = {
			isa = XCBuildConfiguration;
			buildSettings = {
				BUNDLE_LOADER = "$(TEST_HOST)";
				FRAMEWORK_SEARCH_PATHS = (
					"$(SDKROOT)/Developer/Library/Frameworks",
					"$(inherited)",
				);
				GCC_PREPROCESSOR_DEFINITIONS = (
					"DEBUG=1",
					"$(inherited)",
				);
				INFOPLIST_FILE = TabBOXTests/Info.plist;
				LD_RUNPATH_SEARCH_PATHS = "$(inherited) @executable_path/Frameworks @loader_path/Frameworks";
				PRODUCT_NAME = "$(TARGET_NAME)";
				TEST_HOST = "$(BUILT_PRODUCTS_DIR)/TabBOX.app/TabBOX";
			};
			name = Debug;
		};
		15C822791A8008B000F13B56 /* Release */ = {
			isa = XCBuildConfiguration;
			buildSettings = {
				BUNDLE_LOADER = "$(TEST_HOST)";
				FRAMEWORK_SEARCH_PATHS = (
					"$(SDKROOT)/Developer/Library/Frameworks",
					"$(inherited)",
				);
				INFOPLIST_FILE = TabBOXTests/Info.plist;
				LD_RUNPATH_SEARCH_PATHS = "$(inherited) @executable_path/Frameworks @loader_path/Frameworks";
				PRODUCT_NAME = "$(TARGET_NAME)";
				TEST_HOST = "$(BUILT_PRODUCTS_DIR)/TabBOX.app/TabBOX";
			};
			name = Release;
		};
/* End XCBuildConfiguration section */

/* Begin XCConfigurationList section */
		15C822491A8008B000F13B56 /* Build configuration list for PBXProject "TabBOX" */ = {
			isa = XCConfigurationList;
			buildConfigurations = (
				15C822721A8008B000F13B56 /* Debug */,
				15C822731A8008B000F13B56 /* Release */,
			);
			defaultConfigurationIsVisible = 0;
			defaultConfigurationName = Release;
		};
		15C822741A8008B000F13B56 /* Build configuration list for PBXNativeTarget "TabBOX" */ = {
			isa = XCConfigurationList;
			buildConfigurations = (
				15C822751A8008B000F13B56 /* Debug */,
				15C822761A8008B000F13B56 /* Release */,
			);
			defaultConfigurationIsVisible = 0;
		};
		15C822771A8008B000F13B56 /* Build configuration list for PBXNativeTarget "TabBOXTests" */ = {
			isa = XCConfigurationList;
			buildConfigurations = (
				15C822781A8008B000F13B56 /* Debug */,
				15C822791A8008B000F13B56 /* Release */,
			);
			defaultConfigurationIsVisible = 0;
		};
/* End XCConfigurationList section */
	};
	rootObject = 15C822461A8008B000F13B56 /* Project object */;
}
