// !$*UTF8*$!
{
	archiveVersion = 1;
	classes = {
	};
	objectVersion = 46;
	objects = {

/* Begin PBXBuildFile section */
		159536FF19647347005894E2 /* Foundation.framework in Frameworks */ = {isa = PBXBuildFile; fileRef = 159536FE19647347005894E2 /* Foundation.framework */; };
		1595370119647347005894E2 /* CoreGraphics.framework in Frameworks */ = {isa = PBXBuildFile; fileRef = 1595370019647347005894E2 /* CoreGraphics.framework */; };
		1595370319647347005894E2 /* UIKit.framework in Frameworks */ = {isa = PBXBuildFile; fileRef = 1595370219647347005894E2 /* UIKit.framework */; };
		1595370919647347005894E2 /* InfoPlist.strings in Resources */ = {isa = PBXBuildFile; fileRef = 1595370719647347005894E2 /* InfoPlist.strings */; };
		1595370B19647347005894E2 /* main.m in Sources */ = {isa = PBXBuildFile; fileRef = 1595370A19647347005894E2 /* main.m */; };
		1595370F19647347005894E2 /* AppDelegate.m in Sources */ = {isa = PBXBuildFile; fileRef = 1595370E19647347005894E2 /* AppDelegate.m */; };
		1595371119647347005894E2 /* Images.xcassets in Resources */ = {isa = PBXBuildFile; fileRef = 1595371019647347005894E2 /* Images.xcassets */; };
		1595371819647347005894E2 /* XCTest.framework in Frameworks */ = {isa = PBXBuildFile; fileRef = 1595371719647347005894E2 /* XCTest.framework */; };
		1595371919647347005894E2 /* Foundation.framework in Frameworks */ = {isa = PBXBuildFile; fileRef = 159536FE19647347005894E2 /* Foundation.framework */; };
		1595371A19647347005894E2 /* UIKit.framework in Frameworks */ = {isa = PBXBuildFile; fileRef = 1595370219647347005894E2 /* UIKit.framework */; };
		1595372219647347005894E2 /* InfoPlist.strings in Resources */ = {isa = PBXBuildFile; fileRef = 1595372019647347005894E2 /* InfoPlist.strings */; };
		1595372419647347005894E2 /* QUIZTests.m in Sources */ = {isa = PBXBuildFile; fileRef = 1595372319647347005894E2 /* QUIZTests.m */; };
/* End PBXBuildFile section */

/* Begin PBXContainerItemProxy section */
		1595371B19647347005894E2 /* PBXContainerItemProxy */ = {
			isa = PBXContainerItemProxy;
			containerPortal = 159536F319647347005894E2 /* Project object */;
			proxyType = 1;
			remoteGlobalIDString = 159536FA19647347005894E2;
			remoteInfo = QUIZ;
		};
/* End PBXContainerItemProxy section */

/* Begin PBXFileReference section */
		159536FB19647347005894E2 /* QUIZ.app */ = {isa = PBXFileReference; explicitFileType = wrapper.application; includeInIndex = 0; path = QUIZ.app; sourceTree = BUILT_PRODUCTS_DIR; };
		159536FE19647347005894E2 /* Foundation.framework */ = {isa = PBXFileReference; lastKnownFileType = wrapper.framework; name = Foundation.framework; path = System/Library/Frameworks/Foundation.framework; sourceTree = SDKROOT; };
		1595370019647347005894E2 /* CoreGraphics.framework */ = {isa = PBXFileReference; lastKnownFileType = wrapper.framework; name = CoreGraphics.framework; path = System/Library/Frameworks/CoreGraphics.framework; sourceTree = SDKROOT; };
		1595370219647347005894E2 /* UIKit.framework */ = {isa = PBXFileReference; lastKnownFileType = wrapper.framework; name = UIKit.framework; path = System/Library/Frameworks/UIKit.framework; sourceTree = SDKROOT; };
		1595370619647347005894E2 /* QUIZ-Info.plist */ = {isa = PBXFileReference; lastKnownFileType = text.plist.xml; path = "QUIZ-Info.plist"; sourceTree = "<group>"; };
		1595370819647347005894E2 /* en */ = {isa = PBXFileReference; lastKnownFileType = text.plist.strings; name = en; path = en.lproj/InfoPlist.strings; sourceTree = "<group>"; };
		1595370A19647347005894E2 /* main.m */ = {isa = PBXFileReference; lastKnownFileType = sourcecode.c.objc; path = main.m; sourceTree = "<group>"; };
		1595370C19647347005894E2 /* QUIZ-Prefix.pch */ = {isa = PBXFileReference; lastKnownFileType = sourcecode.c.h; path = "QUIZ-Prefix.pch"; sourceTree = "<group>"; };
		1595370D19647347005894E2 /* AppDelegate.h */ = {isa = PBXFileReference; lastKnownFileType = sourcecode.c.h; path = AppDelegate.h; sourceTree = "<group>"; };
		1595370E19647347005894E2 /* AppDelegate.m */ = {isa = PBXFileReference; lastKnownFileType = sourcecode.c.objc; path = AppDelegate.m; sourceTree = "<group>"; };
		1595371019647347005894E2 /* Images.xcassets */ = {isa = PBXFileReference; lastKnownFileType = folder.assetcatalog; path = Images.xcassets; sourceTree = "<group>"; };
		1595371619647347005894E2 /* QUIZTests.xctest */ = {isa = PBXFileReference; explicitFileType = wrapper.cfbundle; includeInIndex = 0; path = QUIZTests.xctest; sourceTree = BUILT_PRODUCTS_DIR; };
		1595371719647347005894E2 /* XCTest.framework */ = {isa = PBXFileReference; lastKnownFileType = wrapper.framework; name = XCTest.framework; path = Library/Frameworks/XCTest.framework; sourceTree = DEVELOPER_DIR; };
		1595371F19647347005894E2 /* QUIZTests-Info.plist */ = {isa = PBXFileReference; lastKnownFileType = text.plist.xml; path = "QUIZTests-Info.plist"; sourceTree = "<group>"; };
		1595372119647347005894E2 /* en */ = {isa = PBXFileReference; lastKnownFileType = text.plist.strings; name = en; path = en.lproj/InfoPlist.strings; sourceTree = "<group>"; };
		1595372319647347005894E2 /* QUIZTests.m */ = {isa = PBXFileReference; lastKnownFileType = sourcecode.c.objc; path = QUIZTests.m; sourceTree = "<group>"; };
/* End PBXFileReference section */

/* Begin PBXFrameworksBuildPhase section */
		159536F819647347005894E2 /* Frameworks */ = {
			isa = PBXFrameworksBuildPhase;
			buildActionMask = 2147483647;
			files = (
				1595370119647347005894E2 /* CoreGraphics.framework in Frameworks */,
				1595370319647347005894E2 /* UIKit.framework in Frameworks */,
				159536FF19647347005894E2 /* Foundation.framework in Frameworks */,
			);
			runOnlyForDeploymentPostprocessing = 0;
		};
		1595371319647347005894E2 /* Frameworks */ = {
			isa = PBXFrameworksBuildPhase;
			buildActionMask = 2147483647;
			files = (
				1595371819647347005894E2 /* XCTest.framework in Frameworks */,
				1595371A19647347005894E2 /* UIKit.framework in Frameworks */,
				1595371919647347005894E2 /* Foundation.framework in Frameworks */,
			);
			runOnlyForDeploymentPostprocessing = 0;
		};
/* End PBXFrameworksBuildPhase section */

/* Begin PBXGroup section */
		159536F219647347005894E2 = {
			isa = PBXGroup;
			children = (
				1595370419647347005894E2 /* QUIZ */,
				1595371D19647347005894E2 /* QUIZTests */,
				159536FD19647347005894E2 /* Frameworks */,
				159536FC19647347005894E2 /* Products */,
			);
			sourceTree = "<group>";
		};
		159536FC19647347005894E2 /* Products */ = {
			isa = PBXGroup;
			children = (
				159536FB19647347005894E2 /* QUIZ.app */,
				1595371619647347005894E2 /* QUIZTests.xctest */,
			);
			name = Products;
			sourceTree = "<group>";
		};
		159536FD19647347005894E2 /* Frameworks */ = {
			isa = PBXGroup;
			children = (
				159536FE19647347005894E2 /* Foundation.framework */,
				1595370019647347005894E2 /* CoreGraphics.framework */,
				1595370219647347005894E2 /* UIKit.framework */,
				1595371719647347005894E2 /* XCTest.framework */,
			);
			name = Frameworks;
			sourceTree = "<group>";
		};
		1595370419647347005894E2 /* QUIZ */ = {
			isa = PBXGroup;
			children = (
				1595370D19647347005894E2 /* AppDelegate.h */,
				1595370E19647347005894E2 /* AppDelegate.m */,
				1595371019647347005894E2 /* Images.xcassets */,
				1595370519647347005894E2 /* Supporting Files */,
			);
			path = QUIZ;
			sourceTree = "<group>";
		};
		1595370519647347005894E2 /* Supporting Files */ = {
			isa = PBXGroup;
			children = (
				1595370619647347005894E2 /* QUIZ-Info.plist */,
				1595370719647347005894E2 /* InfoPlist.strings */,
				1595370A19647347005894E2 /* main.m */,
				1595370C19647347005894E2 /* QUIZ-Prefix.pch */,
			);
			name = "Supporting Files";
			sourceTree = "<group>";
		};
		1595371D19647347005894E2 /* QUIZTests */ = {
			isa = PBXGroup;
			children = (
				1595372319647347005894E2 /* QUIZTests.m */,
				1595371E19647347005894E2 /* Supporting Files */,
			);
			path = QUIZTests;
			sourceTree = "<group>";
		};
		1595371E19647347005894E2 /* Supporting Files */ = {
			isa = PBXGroup;
			children = (
				1595371F19647347005894E2 /* QUIZTests-Info.plist */,
				1595372019647347005894E2 /* InfoPlist.strings */,
			);
			name = "Supporting Files";
			sourceTree = "<group>";
		};
/* End PBXGroup section */

/* Begin PBXNativeTarget section */
		159536FA19647347005894E2 /* QUIZ */ = {
			isa = PBXNativeTarget;
			buildConfigurationList = 1595372719647347005894E2 /* Build configuration list for PBXNativeTarget "QUIZ" */;
			buildPhases = (
				159536F719647347005894E2 /* Sources */,
				159536F819647347005894E2 /* Frameworks */,
				159536F919647347005894E2 /* Resources */,
			);
			buildRules = (
			);
			dependencies = (
			);
			name = QUIZ;
			productName = QUIZ;
			productReference = 159536FB19647347005894E2 /* QUIZ.app */;
			productType = "com.apple.product-type.application";
		};
		1595371519647347005894E2 /* QUIZTests */ = {
			isa = PBXNativeTarget;
			buildConfigurationList = 1595372A19647347005894E2 /* Build configuration list for PBXNativeTarget "QUIZTests" */;
			buildPhases = (
				1595371219647347005894E2 /* Sources */,
				1595371319647347005894E2 /* Frameworks */,
				1595371419647347005894E2 /* Resources */,
			);
			buildRules = (
			);
			dependencies = (
				1595371C19647347005894E2 /* PBXTargetDependency */,
			);
			name = QUIZTests;
			productName = QUIZTests;
			productReference = 1595371619647347005894E2 /* QUIZTests.xctest */;
			productType = "com.apple.product-type.bundle.unit-test";
		};
/* End PBXNativeTarget section */

/* Begin PBXProject section */
		159536F319647347005894E2 /* Project object */ = {
			isa = PBXProject;
			attributes = {
				LastUpgradeCheck = 0510;
				ORGANIZATIONNAME = MAKSBURO;
				TargetAttributes = {
					1595371519647347005894E2 = {
						TestTargetID = 159536FA19647347005894E2;
					};
				};
			};
			buildConfigurationList = 159536F619647347005894E2 /* Build configuration list for PBXProject "QUIZ" */;
			compatibilityVersion = "Xcode 3.2";
			developmentRegion = English;
			hasScannedForEncodings = 0;
			knownRegions = (
				en,
			);
			mainGroup = 159536F219647347005894E2;
			productRefGroup = 159536FC19647347005894E2 /* Products */;
			projectDirPath = "";
			projectRoot = "";
			targets = (
				159536FA19647347005894E2 /* QUIZ */,
				1595371519647347005894E2 /* QUIZTests */,
			);
		};
/* End PBXProject section */

/* Begin PBXResourcesBuildPhase section */
		159536F919647347005894E2 /* Resources */ = {
			isa = PBXResourcesBuildPhase;
			buildActionMask = 2147483647;
			files = (
				1595370919647347005894E2 /* InfoPlist.strings in Resources */,
				1595371119647347005894E2 /* Images.xcassets in Resources */,
			);
			runOnlyForDeploymentPostprocessing = 0;
		};
		1595371419647347005894E2 /* Resources */ = {
			isa = PBXResourcesBuildPhase;
			buildActionMask = 2147483647;
			files = (
				1595372219647347005894E2 /* InfoPlist.strings in Resources */,
			);
			runOnlyForDeploymentPostprocessing = 0;
		};
/* End PBXResourcesBuildPhase section */

/* Begin PBXSourcesBuildPhase section */
		159536F719647347005894E2 /* Sources */ = {
			isa = PBXSourcesBuildPhase;
			buildActionMask = 2147483647;
			files = (
				1595370F19647347005894E2 /* AppDelegate.m in Sources */,
				1595370B19647347005894E2 /* main.m in Sources */,
			);
			runOnlyForDeploymentPostprocessing = 0;
		};
		1595371219647347005894E2 /* Sources */ = {
			isa = PBXSourcesBuildPhase;
			buildActionMask = 2147483647;
			files = (
				1595372419647347005894E2 /* QUIZTests.m in Sources */,
			);
			runOnlyForDeploymentPostprocessing = 0;
		};
/* End PBXSourcesBuildPhase section */

/* Begin PBXTargetDependency section */
		1595371C19647347005894E2 /* PBXTargetDependency */ = {
			isa = PBXTargetDependency;
			target = 159536FA19647347005894E2 /* QUIZ */;
			targetProxy = 1595371B19647347005894E2 /* PBXContainerItemProxy */;
		};
/* End PBXTargetDependency section */

/* Begin PBXVariantGroup section */
		1595370719647347005894E2 /* InfoPlist.strings */ = {
			isa = PBXVariantGroup;
			children = (
				1595370819647347005894E2 /* en */,
			);
			name = InfoPlist.strings;
			sourceTree = "<group>";
		};
		1595372019647347005894E2 /* InfoPlist.strings */ = {
			isa = PBXVariantGroup;
			children = (
				1595372119647347005894E2 /* en */,
			);
			name = InfoPlist.strings;
			sourceTree = "<group>";
		};
/* End PBXVariantGroup section */

/* Begin XCBuildConfiguration section */
		1595372519647347005894E2 /* Debug */ = {
			isa = XCBuildConfiguration;
			buildSettings = {
				ALWAYS_SEARCH_USER_PATHS = NO;
				CLANG_CXX_LANGUAGE_STANDARD = "gnu++0x";
				CLANG_CXX_LIBRARY = "libc++";
				CLANG_ENABLE_MODULES = YES;
				CLANG_ENABLE_OBJC_ARC = YES;
				CLANG_WARN_BOOL_CONVERSION = YES;
				CLANG_WARN_CONSTANT_CONVERSION = YES;
				CLANG_WARN_DIRECT_OBJC_ISA_USAGE = YES_ERROR;
				CLANG_WARN_EMPTY_BODY = YES;
				CLANG_WARN_ENUM_CONVERSION = YES;
				CLANG_WARN_INT_CONVERSION = YES;
				CLANG_WARN_OBJC_ROOT_CLASS = YES_ERROR;
				CLANG_WARN__DUPLICATE_METHOD_MATCH = YES;
				"CODE_SIGN_IDENTITY[sdk=iphoneos*]" = "iPhone Developer";
				COPY_PHASE_STRIP = NO;
				GCC_C_LANGUAGE_STANDARD = gnu99;
				GCC_DYNAMIC_NO_PIC = NO;
				GCC_OPTIMIZATION_LEVEL = 0;
				GCC_PREPROCESSOR_DEFINITIONS = (
					"DEBUG=1",
					"$(inherited)",
				);
				GCC_SYMBOLS_PRIVATE_EXTERN = NO;
				GCC_WARN_64_TO_32_BIT_CONVERSION = YES;
				GCC_WARN_ABOUT_RETURN_TYPE = YES_ERROR;
				GCC_WARN_UNDECLARED_SELECTOR = YES;
				GCC_WARN_UNINITIALIZED_AUTOS = YES_AGGRESSIVE;
				GCC_WARN_UNUSED_FUNCTION = YES;
				GCC_WARN_UNUSED_VARIABLE = YES;
				IPHONEOS_DEPLOYMENT_TARGET = 7.1;
				ONLY_ACTIVE_ARCH = YES;
				SDKROOT = iphoneos;
				TARGETED_DEVICE_FAMILY = "1,2";
			};
			name = Debug;
		};
		1595372619647347005894E2 /* Release */ = {
			isa = XCBuildConfiguration;
			buildSettings = {
				ALWAYS_SEARCH_USER_PATHS = NO;
				CLANG_CXX_LANGUAGE_STANDARD = "gnu++0x";
				CLANG_CXX_LIBRARY = "libc++";
				CLANG_ENABLE_MODULES = YES;
				CLANG_ENABLE_OBJC_ARC = YES;
				CLANG_WARN_BOOL_CONVERSION = YES;
				CLANG_WARN_CONSTANT_CONVERSION = YES;
				CLANG_WARN_DIRECT_OBJC_ISA_USAGE = YES_ERROR;
				CLANG_WARN_EMPTY_BODY = YES;
				CLANG_WARN_ENUM_CONVERSION = YES;
				CLANG_WARN_INT_CONVERSION = YES;
				CLANG_WARN_OBJC_ROOT_CLASS = YES_ERROR;
				CLANG_WARN__DUPLICATE_METHOD_MATCH = YES;
				"CODE_SIGN_IDENTITY[sdk=iphoneos*]" = "iPhone Developer";
				COPY_PHASE_STRIP = YES;
				ENABLE_NS_ASSERTIONS = NO;
				GCC_C_LANGUAGE_STANDARD = gnu99;
				GCC_WARN_64_TO_32_BIT_CONVERSION = YES;
				GCC_WARN_ABOUT_RETURN_TYPE = YES_ERROR;
				GCC_WARN_UNDECLARED_SELECTOR = YES;
				GCC_WARN_UNINITIALIZED_AUTOS = YES_AGGRESSIVE;
				GCC_WARN_UNUSED_FUNCTION = YES;
				GCC_WARN_UNUSED_VARIABLE = YES;
				IPHONEOS_DEPLOYMENT_TARGET = 7.1;
				SDKROOT = iphoneos;
				TARGETED_DEVICE_FAMILY = "1,2";
				VALIDATE_PRODUCT = YES;
			};
			name = Release;
		};
		1595372819647347005894E2 /* Debug */ = {
			isa = XCBuildConfiguration;
			buildSettings = {
				ASSETCATALOG_COMPILER_APPICON_NAME = AppIcon;
				ASSETCATALOG_COMPILER_LAUNCHIMAGE_NAME = LaunchImage;
				GCC_PRECOMPILE_PREFIX_HEADER = YES;
				GCC_PREFIX_HEADER = "QUIZ/QUIZ-Prefix.pch";
				INFOPLIST_FILE = "QUIZ/QUIZ-Info.plist";
				PRODUCT_NAME = "$(TARGET_NAME)";
				WRAPPER_EXTENSION = app;
			};
			name = Debug;
		};
		1595372919647347005894E2 /* Release */ = {
			isa = XCBuildConfiguration;
			buildSettings = {
				ASSETCATALOG_COMPILER_APPICON_NAME = AppIcon;
				ASSETCATALOG_COMPILER_LAUNCHIMAGE_NAME = LaunchImage;
				GCC_PRECOMPILE_PREFIX_HEADER = YES;
				GCC_PREFIX_HEADER = "QUIZ/QUIZ-Prefix.pch";
				INFOPLIST_FILE = "QUIZ/QUIZ-Info.plist";
				PRODUCT_NAME = "$(TARGET_NAME)";
				WRAPPER_EXTENSION = app;
			};
			name = Release;
		};
		1595372B19647347005894E2 /* Debug */ = {
			isa = XCBuildConfiguration;
			buildSettings = {
				BUNDLE_LOADER = "$(BUILT_PRODUCTS_DIR)/QUIZ.app/QUIZ";
				FRAMEWORK_SEARCH_PATHS = (
					"$(SDKROOT)/Developer/Library/Frameworks",
					"$(inherited)",
					"$(DEVELOPER_FRAMEWORKS_DIR)",
				);
				GCC_PRECOMPILE_PREFIX_HEADER = YES;
				GCC_PREFIX_HEADER = "QUIZ/QUIZ-Prefix.pch";
				GCC_PREPROCESSOR_DEFINITIONS = (
					"DEBUG=1",
					"$(inherited)",
				);
				INFOPLIST_FILE = "QUIZTests/QUIZTests-Info.plist";
				PRODUCT_NAME = "$(TARGET_NAME)";
				TEST_HOST = "$(BUNDLE_LOADER)";
				WRAPPER_EXTENSION = xctest;
			};
			name = Debug;
		};
		1595372C19647347005894E2 /* Release */ = {
			isa = XCBuildConfiguration;
			buildSettings = {
				BUNDLE_LOADER = "$(BUILT_PRODUCTS_DIR)/QUIZ.app/QUIZ";
				FRAMEWORK_SEARCH_PATHS = (
					"$(SDKROOT)/Developer/Library/Frameworks",
					"$(inherited)",
					"$(DEVELOPER_FRAMEWORKS_DIR)",
				);
				GCC_PRECOMPILE_PREFIX_HEADER = YES;
				GCC_PREFIX_HEADER = "QUIZ/QUIZ-Prefix.pch";
				INFOPLIST_FILE = "QUIZTests/QUIZTests-Info.plist";
				PRODUCT_NAME = "$(TARGET_NAME)";
				TEST_HOST = "$(BUNDLE_LOADER)";
				WRAPPER_EXTENSION = xctest;
			};
			name = Release;
		};
/* End XCBuildConfiguration section */

/* Begin XCConfigurationList section */
		159536F619647347005894E2 /* Build configuration list for PBXProject "QUIZ" */ = {
			isa = XCConfigurationList;
			buildConfigurations = (
				1595372519647347005894E2 /* Debug */,
				1595372619647347005894E2 /* Release */,
			);
			defaultConfigurationIsVisible = 0;
			defaultConfigurationName = Release;
		};
		1595372719647347005894E2 /* Build configuration list for PBXNativeTarget "QUIZ" */ = {
			isa = XCConfigurationList;
			buildConfigurations = (
				1595372819647347005894E2 /* Debug */,
				1595372919647347005894E2 /* Release */,
			);
			defaultConfigurationIsVisible = 0;
		};
		1595372A19647347005894E2 /* Build configuration list for PBXNativeTarget "QUIZTests" */ = {
			isa = XCConfigurationList;
			buildConfigurations = (
				1595372B19647347005894E2 /* Debug */,
				1595372C19647347005894E2 /* Release */,
			);
			defaultConfigurationIsVisible = 0;
		};
/* End XCConfigurationList section */
	};
	rootObject = 159536F319647347005894E2 /* Project object */;
}
