// !$*UTF8*$!
{
	archiveVersion = 1;
	classes = {
	};
	objectVersion = 46;
	objects = {

/* Begin PBXBuildFile section */
		0401AAC5189C0F4400AE32FF /* Foundation.framework in Frameworks */ = {isa = PBXBuildFile; fileRef = 0401AAC4189C0F4400AE32FF /* Foundation.framework */; };
		0401AAC7189C0F4400AE32FF /* CoreGraphics.framework in Frameworks */ = {isa = PBXBuildFile; fileRef = 0401AAC6189C0F4400AE32FF /* CoreGraphics.framework */; };
		0401AAC9189C0F4400AE32FF /* UIKit.framework in Frameworks */ = {isa = PBXBuildFile; fileRef = 0401AAC8189C0F4400AE32FF /* UIKit.framework */; };
		0401AACF189C0F4400AE32FF /* InfoPlist.strings in Resources */ = {isa = PBXBuildFile; fileRef = 0401AACD189C0F4400AE32FF /* InfoPlist.strings */; };
		0401AAD1189C0F4400AE32FF /* main.m in Sources */ = {isa = PBXBuildFile; fileRef = 0401AAD0189C0F4400AE32FF /* main.m */; };
		0401AAD5189C0F4400AE32FF /* HypnosisterAppDelegate.m in Sources */ = {isa = PBXBuildFile; fileRef = 0401AAD4189C0F4400AE32FF /* HypnosisterAppDelegate.m */; };
		0401AAD7189C0F4500AE32FF /* Images.xcassets in Resources */ = {isa = PBXBuildFile; fileRef = 0401AAD6189C0F4500AE32FF /* Images.xcassets */; };
		0401AADE189C0F4500AE32FF /* XCTest.framework in Frameworks */ = {isa = PBXBuildFile; fileRef = 0401AADD189C0F4500AE32FF /* XCTest.framework */; };
		0401AADF189C0F4500AE32FF /* Foundation.framework in Frameworks */ = {isa = PBXBuildFile; fileRef = 0401AAC4189C0F4400AE32FF /* Foundation.framework */; };
		0401AAE0189C0F4500AE32FF /* UIKit.framework in Frameworks */ = {isa = PBXBuildFile; fileRef = 0401AAC8189C0F4400AE32FF /* UIKit.framework */; };
		0401AAE8189C0F4500AE32FF /* InfoPlist.strings in Resources */ = {isa = PBXBuildFile; fileRef = 0401AAE6189C0F4500AE32FF /* InfoPlist.strings */; };
		0401AAEA189C0F4500AE32FF /* HypnosisterTests.m in Sources */ = {isa = PBXBuildFile; fileRef = 0401AAE9189C0F4500AE32FF /* HypnosisterTests.m */; };
		0401AAF5189C25BF00AE32FF /* HypnosisView.m in Sources */ = {isa = PBXBuildFile; fileRef = 0401AAF4189C25BF00AE32FF /* HypnosisView.m */; };
/* End PBXBuildFile section */

/* Begin PBXContainerItemProxy section */
		0401AAE1189C0F4500AE32FF /* PBXContainerItemProxy */ = {
			isa = PBXContainerItemProxy;
			containerPortal = 0401AAB9189C0F4400AE32FF /* Project object */;
			proxyType = 1;
			remoteGlobalIDString = 0401AAC0189C0F4400AE32FF;
			remoteInfo = Hypnosister;
		};
/* End PBXContainerItemProxy section */

/* Begin PBXFileReference section */
		0401AAC1189C0F4400AE32FF /* Hypnosister.app */ = {isa = PBXFileReference; explicitFileType = wrapper.application; includeInIndex = 0; path = Hypnosister.app; sourceTree = BUILT_PRODUCTS_DIR; };
		0401AAC4189C0F4400AE32FF /* Foundation.framework */ = {isa = PBXFileReference; lastKnownFileType = wrapper.framework; name = Foundation.framework; path = System/Library/Frameworks/Foundation.framework; sourceTree = SDKROOT; };
		0401AAC6189C0F4400AE32FF /* CoreGraphics.framework */ = {isa = PBXFileReference; lastKnownFileType = wrapper.framework; name = CoreGraphics.framework; path = System/Library/Frameworks/CoreGraphics.framework; sourceTree = SDKROOT; };
		0401AAC8189C0F4400AE32FF /* UIKit.framework */ = {isa = PBXFileReference; lastKnownFileType = wrapper.framework; name = UIKit.framework; path = System/Library/Frameworks/UIKit.framework; sourceTree = SDKROOT; };
		0401AACC189C0F4400AE32FF /* Hypnosister-Info.plist */ = {isa = PBXFileReference; lastKnownFileType = text.plist.xml; path = "Hypnosister-Info.plist"; sourceTree = "<group>"; };
		0401AACE189C0F4400AE32FF /* en */ = {isa = PBXFileReference; lastKnownFileType = text.plist.strings; name = en; path = en.lproj/InfoPlist.strings; sourceTree = "<group>"; };
		0401AAD0189C0F4400AE32FF /* main.m */ = {isa = PBXFileReference; lastKnownFileType = sourcecode.c.objc; path = main.m; sourceTree = "<group>"; };
		0401AAD2189C0F4400AE32FF /* Hypnosister-Prefix.pch */ = {isa = PBXFileReference; lastKnownFileType = sourcecode.c.h; path = "Hypnosister-Prefix.pch"; sourceTree = "<group>"; };
		0401AAD3189C0F4400AE32FF /* HypnosisterAppDelegate.h */ = {isa = PBXFileReference; lastKnownFileType = sourcecode.c.h; path = HypnosisterAppDelegate.h; sourceTree = "<group>"; };
		0401AAD4189C0F4400AE32FF /* HypnosisterAppDelegate.m */ = {isa = PBXFileReference; lastKnownFileType = sourcecode.c.objc; path = HypnosisterAppDelegate.m; sourceTree = "<group>"; };
		0401AAD6189C0F4500AE32FF /* Images.xcassets */ = {isa = PBXFileReference; lastKnownFileType = folder.assetcatalog; path = Images.xcassets; sourceTree = "<group>"; };
		0401AADC189C0F4500AE32FF /* HypnosisterTests.xctest */ = {isa = PBXFileReference; explicitFileType = wrapper.cfbundle; includeInIndex = 0; path = HypnosisterTests.xctest; sourceTree = BUILT_PRODUCTS_DIR; };
		0401AADD189C0F4500AE32FF /* XCTest.framework */ = {isa = PBXFileReference; lastKnownFileType = wrapper.framework; name = XCTest.framework; path = Library/Frameworks/XCTest.framework; sourceTree = DEVELOPER_DIR; };
		0401AAE5189C0F4500AE32FF /* HypnosisterTests-Info.plist */ = {isa = PBXFileReference; lastKnownFileType = text.plist.xml; path = "HypnosisterTests-Info.plist"; sourceTree = "<group>"; };
		0401AAE7189C0F4500AE32FF /* en */ = {isa = PBXFileReference; lastKnownFileType = text.plist.strings; name = en; path = en.lproj/InfoPlist.strings; sourceTree = "<group>"; };
		0401AAE9189C0F4500AE32FF /* HypnosisterTests.m */ = {isa = PBXFileReference; lastKnownFileType = sourcecode.c.objc; path = HypnosisterTests.m; sourceTree = "<group>"; };
		0401AAF3189C25BF00AE32FF /* HypnosisView.h */ = {isa = PBXFileReference; fileEncoding = 4; lastKnownFileType = sourcecode.c.h; path = HypnosisView.h; sourceTree = "<group>"; };
		0401AAF4189C25BF00AE32FF /* HypnosisView.m */ = {isa = PBXFileReference; fileEncoding = 4; lastKnownFileType = sourcecode.c.objc; path = HypnosisView.m; sourceTree = "<group>"; };
/* End PBXFileReference section */

/* Begin PBXFrameworksBuildPhase section */
		0401AABE189C0F4400AE32FF /* Frameworks */ = {
			isa = PBXFrameworksBuildPhase;
			buildActionMask = 2147483647;
			files = (
				0401AAC7189C0F4400AE32FF /* CoreGraphics.framework in Frameworks */,
				0401AAC9189C0F4400AE32FF /* UIKit.framework in Frameworks */,
				0401AAC5189C0F4400AE32FF /* Foundation.framework in Frameworks */,
			);
			runOnlyForDeploymentPostprocessing = 0;
		};
		0401AAD9189C0F4500AE32FF /* Frameworks */ = {
			isa = PBXFrameworksBuildPhase;
			buildActionMask = 2147483647;
			files = (
				0401AADE189C0F4500AE32FF /* XCTest.framework in Frameworks */,
				0401AAE0189C0F4500AE32FF /* UIKit.framework in Frameworks */,
				0401AADF189C0F4500AE32FF /* Foundation.framework in Frameworks */,
			);
			runOnlyForDeploymentPostprocessing = 0;
		};
/* End PBXFrameworksBuildPhase section */

/* Begin PBXGroup section */
		0401AAB8189C0F4400AE32FF = {
			isa = PBXGroup;
			children = (
				0401AACA189C0F4400AE32FF /* Hypnosister */,
				0401AAE3189C0F4500AE32FF /* HypnosisterTests */,
				0401AAC3189C0F4400AE32FF /* Frameworks */,
				0401AAC2189C0F4400AE32FF /* Products */,
			);
			sourceTree = "<group>";
		};
		0401AAC2189C0F4400AE32FF /* Products */ = {
			isa = PBXGroup;
			children = (
				0401AAC1189C0F4400AE32FF /* Hypnosister.app */,
				0401AADC189C0F4500AE32FF /* HypnosisterTests.xctest */,
			);
			name = Products;
			sourceTree = "<group>";
		};
		0401AAC3189C0F4400AE32FF /* Frameworks */ = {
			isa = PBXGroup;
			children = (
				0401AAC4189C0F4400AE32FF /* Foundation.framework */,
				0401AAC6189C0F4400AE32FF /* CoreGraphics.framework */,
				0401AAC8189C0F4400AE32FF /* UIKit.framework */,
				0401AADD189C0F4500AE32FF /* XCTest.framework */,
			);
			name = Frameworks;
			sourceTree = "<group>";
		};
		0401AACA189C0F4400AE32FF /* Hypnosister */ = {
			isa = PBXGroup;
			children = (
				0401AAD3189C0F4400AE32FF /* HypnosisterAppDelegate.h */,
				0401AAD4189C0F4400AE32FF /* HypnosisterAppDelegate.m */,
				0401AAF3189C25BF00AE32FF /* HypnosisView.h */,
				0401AAF4189C25BF00AE32FF /* HypnosisView.m */,
				0401AAD6189C0F4500AE32FF /* Images.xcassets */,
				0401AACB189C0F4400AE32FF /* Supporting Files */,
			);
			path = Hypnosister;
			sourceTree = "<group>";
		};
		0401AACB189C0F4400AE32FF /* Supporting Files */ = {
			isa = PBXGroup;
			children = (
				0401AACC189C0F4400AE32FF /* Hypnosister-Info.plist */,
				0401AACD189C0F4400AE32FF /* InfoPlist.strings */,
				0401AAD0189C0F4400AE32FF /* main.m */,
				0401AAD2189C0F4400AE32FF /* Hypnosister-Prefix.pch */,
			);
			name = "Supporting Files";
			sourceTree = "<group>";
		};
		0401AAE3189C0F4500AE32FF /* HypnosisterTests */ = {
			isa = PBXGroup;
			children = (
				0401AAE9189C0F4500AE32FF /* HypnosisterTests.m */,
				0401AAE4189C0F4500AE32FF /* Supporting Files */,
			);
			path = HypnosisterTests;
			sourceTree = "<group>";
		};
		0401AAE4189C0F4500AE32FF /* Supporting Files */ = {
			isa = PBXGroup;
			children = (
				0401AAE5189C0F4500AE32FF /* HypnosisterTests-Info.plist */,
				0401AAE6189C0F4500AE32FF /* InfoPlist.strings */,
			);
			name = "Supporting Files";
			sourceTree = "<group>";
		};
/* End PBXGroup section */

/* Begin PBXNativeTarget section */
		0401AAC0189C0F4400AE32FF /* Hypnosister */ = {
			isa = PBXNativeTarget;
			buildConfigurationList = 0401AAED189C0F4500AE32FF /* Build configuration list for PBXNativeTarget "Hypnosister" */;
			buildPhases = (
				0401AABD189C0F4400AE32FF /* Sources */,
				0401AABE189C0F4400AE32FF /* Frameworks */,
				0401AABF189C0F4400AE32FF /* Resources */,
			);
			buildRules = (
			);
			dependencies = (
			);
			name = Hypnosister;
			productName = Hypnosister;
			productReference = 0401AAC1189C0F4400AE32FF /* Hypnosister.app */;
			productType = "com.apple.product-type.application";
		};
		0401AADB189C0F4500AE32FF /* HypnosisterTests */ = {
			isa = PBXNativeTarget;
			buildConfigurationList = 0401AAF0189C0F4500AE32FF /* Build configuration list for PBXNativeTarget "HypnosisterTests" */;
			buildPhases = (
				0401AAD8189C0F4500AE32FF /* Sources */,
				0401AAD9189C0F4500AE32FF /* Frameworks */,
				0401AADA189C0F4500AE32FF /* Resources */,
			);
			buildRules = (
			);
			dependencies = (
				0401AAE2189C0F4500AE32FF /* PBXTargetDependency */,
			);
			name = HypnosisterTests;
			productName = HypnosisterTests;
			productReference = 0401AADC189C0F4500AE32FF /* HypnosisterTests.xctest */;
			productType = "com.apple.product-type.bundle.unit-test";
		};
/* End PBXNativeTarget section */

/* Begin PBXProject section */
		0401AAB9189C0F4400AE32FF /* Project object */ = {
			isa = PBXProject;
			attributes = {
				CLASSPREFIX = Hypnosister;
				LastUpgradeCheck = 0500;
				ORGANIZATIONNAME = MAKSBU;
				TargetAttributes = {
					0401AADB189C0F4500AE32FF = {
						TestTargetID = 0401AAC0189C0F4400AE32FF;
					};
				};
			};
			buildConfigurationList = 0401AABC189C0F4400AE32FF /* Build configuration list for PBXProject "Hypnosister" */;
			compatibilityVersion = "Xcode 3.2";
			developmentRegion = English;
			hasScannedForEncodings = 0;
			knownRegions = (
				en,
			);
			mainGroup = 0401AAB8189C0F4400AE32FF;
			productRefGroup = 0401AAC2189C0F4400AE32FF /* Products */;
			projectDirPath = "";
			projectRoot = "";
			targets = (
				0401AAC0189C0F4400AE32FF /* Hypnosister */,
				0401AADB189C0F4500AE32FF /* HypnosisterTests */,
			);
		};
/* End PBXProject section */

/* Begin PBXResourcesBuildPhase section */
		0401AABF189C0F4400AE32FF /* Resources */ = {
			isa = PBXResourcesBuildPhase;
			buildActionMask = 2147483647;
			files = (
				0401AACF189C0F4400AE32FF /* InfoPlist.strings in Resources */,
				0401AAD7189C0F4500AE32FF /* Images.xcassets in Resources */,
			);
			runOnlyForDeploymentPostprocessing = 0;
		};
		0401AADA189C0F4500AE32FF /* Resources */ = {
			isa = PBXResourcesBuildPhase;
			buildActionMask = 2147483647;
			files = (
				0401AAE8189C0F4500AE32FF /* InfoPlist.strings in Resources */,
			);
			runOnlyForDeploymentPostprocessing = 0;
		};
/* End PBXResourcesBuildPhase section */

/* Begin PBXSourcesBuildPhase section */
		0401AABD189C0F4400AE32FF /* Sources */ = {
			isa = PBXSourcesBuildPhase;
			buildActionMask = 2147483647;
			files = (
				0401AAD1189C0F4400AE32FF /* main.m in Sources */,
				0401AAD5189C0F4400AE32FF /* HypnosisterAppDelegate.m in Sources */,
				0401AAF5189C25BF00AE32FF /* HypnosisView.m in Sources */,
			);
			runOnlyForDeploymentPostprocessing = 0;
		};
		0401AAD8189C0F4500AE32FF /* Sources */ = {
			isa = PBXSourcesBuildPhase;
			buildActionMask = 2147483647;
			files = (
				0401AAEA189C0F4500AE32FF /* HypnosisterTests.m in Sources */,
			);
			runOnlyForDeploymentPostprocessing = 0;
		};
/* End PBXSourcesBuildPhase section */

/* Begin PBXTargetDependency section */
		0401AAE2189C0F4500AE32FF /* PBXTargetDependency */ = {
			isa = PBXTargetDependency;
			target = 0401AAC0189C0F4400AE32FF /* Hypnosister */;
			targetProxy = 0401AAE1189C0F4500AE32FF /* PBXContainerItemProxy */;
		};
/* End PBXTargetDependency section */

/* Begin PBXVariantGroup section */
		0401AACD189C0F4400AE32FF /* InfoPlist.strings */ = {
			isa = PBXVariantGroup;
			children = (
				0401AACE189C0F4400AE32FF /* en */,
			);
			name = InfoPlist.strings;
			sourceTree = "<group>";
		};
		0401AAE6189C0F4500AE32FF /* InfoPlist.strings */ = {
			isa = PBXVariantGroup;
			children = (
				0401AAE7189C0F4500AE32FF /* en */,
			);
			name = InfoPlist.strings;
			sourceTree = "<group>";
		};
/* End PBXVariantGroup section */

/* Begin XCBuildConfiguration section */
		0401AAEB189C0F4500AE32FF /* Debug */ = {
			isa = XCBuildConfiguration;
			buildSettings = {
				ALWAYS_SEARCH_USER_PATHS = NO;
				ARCHS = "$(ARCHS_STANDARD_INCLUDING_64_BIT)";
				CLANG_CXX_LANGUAGE_STANDARD = "gnu++0x";
				CLANG_CXX_LIBRARY = "libc++";
				CLANG_ENABLE_MODULES = YES;
				CLANG_ENABLE_OBJC_ARC = YES;
				CLANG_WARN_BOOL_CONVERSION = YES;
				CLANG_WARN_CONSTANT_CONVERSION = YES;
				CLANG_WARN_DIRECT_OBJC_ISA_USAGE = YES_ERROR;
				CLANG_WARN_EMPTY_BODY = YES;
				CLANG_WARN_ENUM_CONVERSION = YES;
				CLANG_WARN_INT_CONVERSION = YES;
				CLANG_WARN_OBJC_ROOT_CLASS = YES_ERROR;
				CLANG_WARN__DUPLICATE_METHOD_MATCH = YES;
				"CODE_SIGN_IDENTITY[sdk=iphoneos*]" = "iPhone Developer";
				COPY_PHASE_STRIP = NO;
				GCC_C_LANGUAGE_STANDARD = gnu99;
				GCC_DYNAMIC_NO_PIC = NO;
				GCC_OPTIMIZATION_LEVEL = 0;
				GCC_PREPROCESSOR_DEFINITIONS = (
					"DEBUG=1",
					"$(inherited)",
				);
				GCC_SYMBOLS_PRIVATE_EXTERN = NO;
				GCC_WARN_64_TO_32_BIT_CONVERSION = YES;
				GCC_WARN_ABOUT_RETURN_TYPE = YES_ERROR;
				GCC_WARN_UNDECLARED_SELECTOR = YES;
				GCC_WARN_UNINITIALIZED_AUTOS = YES;
				GCC_WARN_UNUSED_FUNCTION = YES;
				GCC_WARN_UNUSED_VARIABLE = YES;
				IPHONEOS_DEPLOYMENT_TARGET = 7.0;
				ONLY_ACTIVE_ARCH = YES;
				SDKROOT = iphoneos;
			};
			name = Debug;
		};
		0401AAEC189C0F4500AE32FF /* Release */ = {
			isa = XCBuildConfiguration;
			buildSettings = {
				ALWAYS_SEARCH_USER_PATHS = NO;
				ARCHS = "$(ARCHS_STANDARD_INCLUDING_64_BIT)";
				CLANG_CXX_LANGUAGE_STANDARD = "gnu++0x";
				CLANG_CXX_LIBRARY = "libc++";
				CLANG_ENABLE_MODULES = YES;
				CLANG_ENABLE_OBJC_ARC = YES;
				CLANG_WARN_BOOL_CONVERSION = YES;
				CLANG_WARN_CONSTANT_CONVERSION = YES;
				CLANG_WARN_DIRECT_OBJC_ISA_USAGE = YES_ERROR;
				CLANG_WARN_EMPTY_BODY = YES;
				CLANG_WARN_ENUM_CONVERSION = YES;
				CLANG_WARN_INT_CONVERSION = YES;
				CLANG_WARN_OBJC_ROOT_CLASS = YES_ERROR;
				CLANG_WARN__DUPLICATE_METHOD_MATCH = YES;
				"CODE_SIGN_IDENTITY[sdk=iphoneos*]" = "iPhone Developer";
				COPY_PHASE_STRIP = YES;
				ENABLE_NS_ASSERTIONS = NO;
				GCC_C_LANGUAGE_STANDARD = gnu99;
				GCC_WARN_64_TO_32_BIT_CONVERSION = YES;
				GCC_WARN_ABOUT_RETURN_TYPE = YES_ERROR;
				GCC_WARN_UNDECLARED_SELECTOR = YES;
				GCC_WARN_UNINITIALIZED_AUTOS = YES;
				GCC_WARN_UNUSED_FUNCTION = YES;
				GCC_WARN_UNUSED_VARIABLE = YES;
				IPHONEOS_DEPLOYMENT_TARGET = 7.0;
				SDKROOT = iphoneos;
				VALIDATE_PRODUCT = YES;
			};
			name = Release;
		};
		0401AAEE189C0F4500AE32FF /* Debug */ = {
			isa = XCBuildConfiguration;
			buildSettings = {
				ASSETCATALOG_COMPILER_APPICON_NAME = AppIcon;
				ASSETCATALOG_COMPILER_LAUNCHIMAGE_NAME = LaunchImage;
				GCC_PRECOMPILE_PREFIX_HEADER = YES;
				GCC_PREFIX_HEADER = "Hypnosister/Hypnosister-Prefix.pch";
				INFOPLIST_FILE = "Hypnosister/Hypnosister-Info.plist";
				PRODUCT_NAME = "$(TARGET_NAME)";
				WRAPPER_EXTENSION = app;
			};
			name = Debug;
		};
		0401AAEF189C0F4500AE32FF /* Release */ = {
			isa = XCBuildConfiguration;
			buildSettings = {
				ASSETCATALOG_COMPILER_APPICON_NAME = AppIcon;
				ASSETCATALOG_COMPILER_LAUNCHIMAGE_NAME = LaunchImage;
				GCC_PRECOMPILE_PREFIX_HEADER = YES;
				GCC_PREFIX_HEADER = "Hypnosister/Hypnosister-Prefix.pch";
				INFOPLIST_FILE = "Hypnosister/Hypnosister-Info.plist";
				PRODUCT_NAME = "$(TARGET_NAME)";
				WRAPPER_EXTENSION = app;
			};
			name = Release;
		};
		0401AAF1189C0F4500AE32FF /* Debug */ = {
			isa = XCBuildConfiguration;
			buildSettings = {
				ARCHS = "$(ARCHS_STANDARD_INCLUDING_64_BIT)";
				BUNDLE_LOADER = "$(BUILT_PRODUCTS_DIR)/Hypnosister.app/Hypnosister";
				FRAMEWORK_SEARCH_PATHS = (
					"$(SDKROOT)/Developer/Library/Frameworks",
					"$(inherited)",
					"$(DEVELOPER_FRAMEWORKS_DIR)",
				);
				GCC_PRECOMPILE_PREFIX_HEADER = YES;
				GCC_PREFIX_HEADER = "Hypnosister/Hypnosister-Prefix.pch";
				GCC_PREPROCESSOR_DEFINITIONS = (
					"DEBUG=1",
					"$(inherited)",
				);
				INFOPLIST_FILE = "HypnosisterTests/HypnosisterTests-Info.plist";
				PRODUCT_NAME = "$(TARGET_NAME)";
				TEST_HOST = "$(BUNDLE_LOADER)";
				WRAPPER_EXTENSION = xctest;
			};
			name = Debug;
		};
		0401AAF2189C0F4500AE32FF /* Release */ = {
			isa = XCBuildConfiguration;
			buildSettings = {
				ARCHS = "$(ARCHS_STANDARD_INCLUDING_64_BIT)";
				BUNDLE_LOADER = "$(BUILT_PRODUCTS_DIR)/Hypnosister.app/Hypnosister";
				FRAMEWORK_SEARCH_PATHS = (
					"$(SDKROOT)/Developer/Library/Frameworks",
					"$(inherited)",
					"$(DEVELOPER_FRAMEWORKS_DIR)",
				);
				GCC_PRECOMPILE_PREFIX_HEADER = YES;
				GCC_PREFIX_HEADER = "Hypnosister/Hypnosister-Prefix.pch";
				INFOPLIST_FILE = "HypnosisterTests/HypnosisterTests-Info.plist";
				PRODUCT_NAME = "$(TARGET_NAME)";
				TEST_HOST = "$(BUNDLE_LOADER)";
				WRAPPER_EXTENSION = xctest;
			};
			name = Release;
		};
/* End XCBuildConfiguration section */

/* Begin XCConfigurationList section */
		0401AABC189C0F4400AE32FF /* Build configuration list for PBXProject "Hypnosister" */ = {
			isa = XCConfigurationList;
			buildConfigurations = (
				0401AAEB189C0F4500AE32FF /* Debug */,
				0401AAEC189C0F4500AE32FF /* Release */,
			);
			defaultConfigurationIsVisible = 0;
			defaultConfigurationName = Release;
		};
		0401AAED189C0F4500AE32FF /* Build configuration list for PBXNativeTarget "Hypnosister" */ = {
			isa = XCConfigurationList;
			buildConfigurations = (
				0401AAEE189C0F4500AE32FF /* Debug */,
				0401AAEF189C0F4500AE32FF /* Release */,
			);
			defaultConfigurationIsVisible = 0;
		};
		0401AAF0189C0F4500AE32FF /* Build configuration list for PBXNativeTarget "HypnosisterTests" */ = {
			isa = XCConfigurationList;
			buildConfigurations = (
				0401AAF1189C0F4500AE32FF /* Debug */,
				0401AAF2189C0F4500AE32FF /* Release */,
			);
			defaultConfigurationIsVisible = 0;
		};
/* End XCConfigurationList section */
	};
	rootObject = 0401AAB9189C0F4400AE32FF /* Project object */;
}
