// !$*UTF8*$!
{
	archiveVersion = 1;
	classes = {
	};
	objectVersion = 46;
	objects = {

/* Begin PBXBuildFile section */
		15C822891A800E4300F13B56 /* main.m in Sources */ = {isa = PBXBuildFile; fileRef = 15C822881A800E4300F13B56 /* main.m */; };
		15C8228C1A800E4300F13B56 /* AppDelegate.m in Sources */ = {isa = PBXBuildFile; fileRef = 15C8228B1A800E4300F13B56 /* AppDelegate.m */; };
		15C8228F1A800E4300F13B56 /* MainViewController.m in Sources */ = {isa = PBXBuildFile; fileRef = 15C8228E1A800E4300F13B56 /* MainViewController.m */; };
		15C822921A800E4300F13B56 /* Main.storyboard in Resources */ = {isa = PBXBuildFile; fileRef = 15C822901A800E4300F13B56 /* Main.storyboard */; };
		15C822941A800E4300F13B56 /* Images.xcassets in Resources */ = {isa = PBXBuildFile; fileRef = 15C822931A800E4300F13B56 /* Images.xcassets */; };
		15C822971A800E4300F13B56 /* LaunchScreen.xib in Resources */ = {isa = PBXBuildFile; fileRef = 15C822951A800E4300F13B56 /* LaunchScreen.xib */; };
		15C822A31A800E4300F13B56 /* Poolhall_JunglesTests.m in Sources */ = {isa = PBXBuildFile; fileRef = 15C822A21A800E4300F13B56 /* Poolhall_JunglesTests.m */; };
		15C822AE1A80129700F13B56 /* GameMainView.m in Sources */ = {isa = PBXBuildFile; fileRef = 15C822AD1A80129700F13B56 /* GameMainView.m */; };
		15C822BD1A801CD800F13B56 /* BallView.m in Sources */ = {isa = PBXBuildFile; fileRef = 15C822B11A801CD800F13B56 /* BallView.m */; };
		15C822BE1A801CD800F13B56 /* GameView.m in Sources */ = {isa = PBXBuildFile; fileRef = 15C822B31A801CD800F13B56 /* GameView.m */; };
		15C822BF1A801CD800F13B56 /* GameView.m.old in Resources */ = {isa = PBXBuildFile; fileRef = 15C822B41A801CD800F13B56 /* GameView.m.old */; };
		15C822C01A801CD800F13B56 /* GameViewController.m in Sources */ = {isa = PBXBuildFile; fileRef = 15C822B61A801CD800F13B56 /* GameViewController.m */; };
		15C822C11A801CD800F13B56 /* InfoLayerView.m in Sources */ = {isa = PBXBuildFile; fileRef = 15C822B81A801CD800F13B56 /* InfoLayerView.m */; };
		15C822C21A801CD800F13B56 /* Line.m in Sources */ = {isa = PBXBuildFile; fileRef = 15C822BA1A801CD800F13B56 /* Line.m */; };
		15C822C31A801CD800F13B56 /* PoolTableView.m in Sources */ = {isa = PBXBuildFile; fileRef = 15C822BC1A801CD800F13B56 /* PoolTableView.m */; };
/* End PBXBuildFile section */

/* Begin PBXContainerItemProxy section */
		15C8229D1A800E4300F13B56 /* PBXContainerItemProxy */ = {
			isa = PBXContainerItemProxy;
			containerPortal = 15C8227B1A800E4300F13B56 /* Project object */;
			proxyType = 1;
			remoteGlobalIDString = 15C822821A800E4300F13B56;
			remoteInfo = "Poolhall Jungles";
		};
/* End PBXContainerItemProxy section */

/* Begin PBXFileReference section */
		15C822831A800E4300F13B56 /* Poolhall Jungles.app */ = {isa = PBXFileReference; explicitFileType = wrapper.application; includeInIndex = 0; path = "Poolhall Jungles.app"; sourceTree = BUILT_PRODUCTS_DIR; };
		15C822871A800E4300F13B56 /* Info.plist */ = {isa = PBXFileReference; lastKnownFileType = text.plist.xml; path = Info.plist; sourceTree = "<group>"; };
		15C822881A800E4300F13B56 /* main.m */ = {isa = PBXFileReference; lastKnownFileType = sourcecode.c.objc; path = main.m; sourceTree = "<group>"; };
		15C8228A1A800E4300F13B56 /* AppDelegate.h */ = {isa = PBXFileReference; lastKnownFileType = sourcecode.c.h; path = AppDelegate.h; sourceTree = "<group>"; };
		15C8228B1A800E4300F13B56 /* AppDelegate.m */ = {isa = PBXFileReference; lastKnownFileType = sourcecode.c.objc; path = AppDelegate.m; sourceTree = "<group>"; };
		15C8228D1A800E4300F13B56 /* MainViewController.h */ = {isa = PBXFileReference; lastKnownFileType = sourcecode.c.h; path = MainViewController.h; sourceTree = "<group>"; };
		15C8228E1A800E4300F13B56 /* MainViewController.m */ = {isa = PBXFileReference; lastKnownFileType = sourcecode.c.objc; path = MainViewController.m; sourceTree = "<group>"; };
		15C822911A800E4300F13B56 /* Base */ = {isa = PBXFileReference; lastKnownFileType = file.storyboard; name = Base; path = Base.lproj/Main.storyboard; sourceTree = "<group>"; };
		15C822931A800E4300F13B56 /* Images.xcassets */ = {isa = PBXFileReference; lastKnownFileType = folder.assetcatalog; path = Images.xcassets; sourceTree = "<group>"; };
		15C822961A800E4300F13B56 /* Base */ = {isa = PBXFileReference; lastKnownFileType = file.xib; name = Base; path = Base.lproj/LaunchScreen.xib; sourceTree = "<group>"; };
		15C8229C1A800E4300F13B56 /* Poolhall JunglesTests.xctest */ = {isa = PBXFileReference; explicitFileType = wrapper.cfbundle; includeInIndex = 0; path = "Poolhall JunglesTests.xctest"; sourceTree = BUILT_PRODUCTS_DIR; };
		15C822A11A800E4300F13B56 /* Info.plist */ = {isa = PBXFileReference; lastKnownFileType = text.plist.xml; path = Info.plist; sourceTree = "<group>"; };
		15C822A21A800E4300F13B56 /* Poolhall_JunglesTests.m */ = {isa = PBXFileReference; lastKnownFileType = sourcecode.c.objc; path = Poolhall_JunglesTests.m; sourceTree = "<group>"; };
		15C822AC1A80129700F13B56 /* GameMainView.h */ = {isa = PBXFileReference; fileEncoding = 4; lastKnownFileType = sourcecode.c.h; path = GameMainView.h; sourceTree = "<group>"; };
		15C822AD1A80129700F13B56 /* GameMainView.m */ = {isa = PBXFileReference; fileEncoding = 4; lastKnownFileType = sourcecode.c.objc; path = GameMainView.m; sourceTree = "<group>"; };
		15C822B01A801CD800F13B56 /* BallView.h */ = {isa = PBXFileReference; fileEncoding = 4; lastKnownFileType = sourcecode.c.h; name = BallView.h; path = Poolhall.old/BallView.h; sourceTree = "<group>"; };
		15C822B11A801CD800F13B56 /* BallView.m */ = {isa = PBXFileReference; fileEncoding = 4; lastKnownFileType = sourcecode.c.objc; name = BallView.m; path = Poolhall.old/BallView.m; sourceTree = "<group>"; };
		15C822B21A801CD800F13B56 /* GameView.h */ = {isa = PBXFileReference; fileEncoding = 4; lastKnownFileType = sourcecode.c.h; path = GameView.h; sourceTree = "<group>"; };
		15C822B31A801CD800F13B56 /* GameView.m */ = {isa = PBXFileReference; fileEncoding = 4; lastKnownFileType = sourcecode.c.objc; path = GameView.m; sourceTree = "<group>"; };
		15C822B41A801CD800F13B56 /* GameView.m.old */ = {isa = PBXFileReference; fileEncoding = 4; lastKnownFileType = text; path = GameView.m.old; sourceTree = "<group>"; };
		15C822B51A801CD800F13B56 /* GameViewController.h */ = {isa = PBXFileReference; fileEncoding = 4; lastKnownFileType = sourcecode.c.h; path = GameViewController.h; sourceTree = "<group>"; };
		15C822B61A801CD800F13B56 /* GameViewController.m */ = {isa = PBXFileReference; fileEncoding = 4; lastKnownFileType = sourcecode.c.objc; path = GameViewController.m; sourceTree = "<group>"; };
		15C822B71A801CD800F13B56 /* InfoLayerView.h */ = {isa = PBXFileReference; fileEncoding = 4; lastKnownFileType = sourcecode.c.h; path = InfoLayerView.h; sourceTree = "<group>"; };
		15C822B81A801CD800F13B56 /* InfoLayerView.m */ = {isa = PBXFileReference; fileEncoding = 4; lastKnownFileType = sourcecode.c.objc; path = InfoLayerView.m; sourceTree = "<group>"; };
		15C822B91A801CD800F13B56 /* Line.h */ = {isa = PBXFileReference; fileEncoding = 4; lastKnownFileType = sourcecode.c.h; path = Line.h; sourceTree = "<group>"; };
		15C822BA1A801CD800F13B56 /* Line.m */ = {isa = PBXFileReference; fileEncoding = 4; lastKnownFileType = sourcecode.c.objc; path = Line.m; sourceTree = "<group>"; };
		15C822BB1A801CD800F13B56 /* PoolTableView.h */ = {isa = PBXFileReference; fileEncoding = 4; lastKnownFileType = sourcecode.c.h; name = PoolTableView.h; path = Poolhall.old/PoolTableView.h; sourceTree = "<group>"; };
		15C822BC1A801CD800F13B56 /* PoolTableView.m */ = {isa = PBXFileReference; fileEncoding = 4; lastKnownFileType = sourcecode.c.objc; name = PoolTableView.m; path = Poolhall.old/PoolTableView.m; sourceTree = "<group>"; };
/* End PBXFileReference section */

/* Begin PBXFrameworksBuildPhase section */
		15C822801A800E4300F13B56 /* Frameworks */ = {
			isa = PBXFrameworksBuildPhase;
			buildActionMask = 2147483647;
			files = (
			);
			runOnlyForDeploymentPostprocessing = 0;
		};
		15C822991A800E4300F13B56 /* Frameworks */ = {
			isa = PBXFrameworksBuildPhase;
			buildActionMask = 2147483647;
			files = (
			);
			runOnlyForDeploymentPostprocessing = 0;
		};
/* End PBXFrameworksBuildPhase section */

/* Begin PBXGroup section */
		15C8227A1A800E4300F13B56 = {
			isa = PBXGroup;
			children = (
				15C822851A800E4300F13B56 /* Poolhall Jungles */,
				15C8229F1A800E4300F13B56 /* Poolhall JunglesTests */,
				15C822841A800E4300F13B56 /* Products */,
			);
			sourceTree = "<group>";
		};
		15C822841A800E4300F13B56 /* Products */ = {
			isa = PBXGroup;
			children = (
				15C822831A800E4300F13B56 /* Poolhall Jungles.app */,
				15C8229C1A800E4300F13B56 /* Poolhall JunglesTests.xctest */,
			);
			name = Products;
			sourceTree = "<group>";
		};
		15C822851A800E4300F13B56 /* Poolhall Jungles */ = {
			isa = PBXGroup;
			children = (
				15C822C41A801D6300F13B56 /* Sources */,
				15C822AF1A801CD800F13B56 /* Poolhall.old */,
				15C8228A1A800E4300F13B56 /* AppDelegate.h */,
				15C8228B1A800E4300F13B56 /* AppDelegate.m */,
				15C8228D1A800E4300F13B56 /* MainViewController.h */,
				15C8228E1A800E4300F13B56 /* MainViewController.m */,
				15C822AC1A80129700F13B56 /* GameMainView.h */,
				15C822AD1A80129700F13B56 /* GameMainView.m */,
				15C822901A800E4300F13B56 /* Main.storyboard */,
				15C822931A800E4300F13B56 /* Images.xcassets */,
				15C822951A800E4300F13B56 /* LaunchScreen.xib */,
				15C822861A800E4300F13B56 /* Supporting Files */,
			);
			path = "Poolhall Jungles";
			sourceTree = "<group>";
		};
		15C822861A800E4300F13B56 /* Supporting Files */ = {
			isa = PBXGroup;
			children = (
				15C822871A800E4300F13B56 /* Info.plist */,
				15C822881A800E4300F13B56 /* main.m */,
			);
			name = "Supporting Files";
			sourceTree = "<group>";
		};
		15C8229F1A800E4300F13B56 /* Poolhall JunglesTests */ = {
			isa = PBXGroup;
			children = (
				15C822A21A800E4300F13B56 /* Poolhall_JunglesTests.m */,
				15C822A01A800E4300F13B56 /* Supporting Files */,
			);
			path = "Poolhall JunglesTests";
			sourceTree = "<group>";
		};
		15C822A01A800E4300F13B56 /* Supporting Files */ = {
			isa = PBXGroup;
			children = (
				15C822A11A800E4300F13B56 /* Info.plist */,
			);
			name = "Supporting Files";
			sourceTree = "<group>";
		};
		15C822AF1A801CD800F13B56 /* Poolhall.old */ = {
			isa = PBXGroup;
			children = (
				15C822B21A801CD800F13B56 /* GameView.h */,
				15C822B31A801CD800F13B56 /* GameView.m */,
				15C822B41A801CD800F13B56 /* GameView.m.old */,
				15C822B51A801CD800F13B56 /* GameViewController.h */,
				15C822B61A801CD800F13B56 /* GameViewController.m */,
				15C822B71A801CD800F13B56 /* InfoLayerView.h */,
				15C822B81A801CD800F13B56 /* InfoLayerView.m */,
				15C822B91A801CD800F13B56 /* Line.h */,
				15C822BA1A801CD800F13B56 /* Line.m */,
			);
			path = Poolhall.old;
			sourceTree = "<group>";
		};
		15C822C41A801D6300F13B56 /* Sources */ = {
			isa = PBXGroup;
			children = (
				15C822B01A801CD800F13B56 /* BallView.h */,
				15C822B11A801CD800F13B56 /* BallView.m */,
				15C822BB1A801CD800F13B56 /* PoolTableView.h */,
				15C822BC1A801CD800F13B56 /* PoolTableView.m */,
			);
			name = Sources;
			sourceTree = "<group>";
		};
/* End PBXGroup section */

/* Begin PBXNativeTarget section */
		15C822821A800E4300F13B56 /* Poolhall Jungles */ = {
			isa = PBXNativeTarget;
			buildConfigurationList = 15C822A61A800E4300F13B56 /* Build configuration list for PBXNativeTarget "Poolhall Jungles" */;
			buildPhases = (
				15C8227F1A800E4300F13B56 /* Sources */,
				15C822801A800E4300F13B56 /* Frameworks */,
				15C822811A800E4300F13B56 /* Resources */,
			);
			buildRules = (
			);
			dependencies = (
			);
			name = "Poolhall Jungles";
			productName = "Poolhall Jungles";
			productReference = 15C822831A800E4300F13B56 /* Poolhall Jungles.app */;
			productType = "com.apple.product-type.application";
		};
		15C8229B1A800E4300F13B56 /* Poolhall JunglesTests */ = {
			isa = PBXNativeTarget;
			buildConfigurationList = 15C822A91A800E4300F13B56 /* Build configuration list for PBXNativeTarget "Poolhall JunglesTests" */;
			buildPhases = (
				15C822981A800E4300F13B56 /* Sources */,
				15C822991A800E4300F13B56 /* Frameworks */,
				15C8229A1A800E4300F13B56 /* Resources */,
			);
			buildRules = (
			);
			dependencies = (
				15C8229E1A800E4300F13B56 /* PBXTargetDependency */,
			);
			name = "Poolhall JunglesTests";
			productName = "Poolhall JunglesTests";
			productReference = 15C8229C1A800E4300F13B56 /* Poolhall JunglesTests.xctest */;
			productType = "com.apple.product-type.bundle.unit-test";
		};
/* End PBXNativeTarget section */

/* Begin PBXProject section */
		15C8227B1A800E4300F13B56 /* Project object */ = {
			isa = PBXProject;
			attributes = {
				LastUpgradeCheck = 0610;
				ORGANIZATIONNAME = MAKSBU;
				TargetAttributes = {
					15C822821A800E4300F13B56 = {
						CreatedOnToolsVersion = 6.1.1;
					};
					15C8229B1A800E4300F13B56 = {
						CreatedOnToolsVersion = 6.1.1;
						TestTargetID = 15C822821A800E4300F13B56;
					};
				};
			};
			buildConfigurationList = 15C8227E1A800E4300F13B56 /* Build configuration list for PBXProject "Poolhall Jungles" */;
			compatibilityVersion = "Xcode 3.2";
			developmentRegion = English;
			hasScannedForEncodings = 0;
			knownRegions = (
				en,
				Base,
			);
			mainGroup = 15C8227A1A800E4300F13B56;
			productRefGroup = 15C822841A800E4300F13B56 /* Products */;
			projectDirPath = "";
			projectRoot = "";
			targets = (
				15C822821A800E4300F13B56 /* Poolhall Jungles */,
				15C8229B1A800E4300F13B56 /* Poolhall JunglesTests */,
			);
		};
/* End PBXProject section */

/* Begin PBXResourcesBuildPhase section */
		15C822811A800E4300F13B56 /* Resources */ = {
			isa = PBXResourcesBuildPhase;
			buildActionMask = 2147483647;
			files = (
				15C822921A800E4300F13B56 /* Main.storyboard in Resources */,
				15C822971A800E4300F13B56 /* LaunchScreen.xib in Resources */,
				15C822941A800E4300F13B56 /* Images.xcassets in Resources */,
				15C822BF1A801CD800F13B56 /* GameView.m.old in Resources */,
			);
			runOnlyForDeploymentPostprocessing = 0;
		};
		15C8229A1A800E4300F13B56 /* Resources */ = {
			isa = PBXResourcesBuildPhase;
			buildActionMask = 2147483647;
			files = (
			);
			runOnlyForDeploymentPostprocessing = 0;
		};
/* End PBXResourcesBuildPhase section */

/* Begin PBXSourcesBuildPhase section */
		15C8227F1A800E4300F13B56 /* Sources */ = {
			isa = PBXSourcesBuildPhase;
			buildActionMask = 2147483647;
			files = (
				15C822BE1A801CD800F13B56 /* GameView.m in Sources */,
				15C822C21A801CD800F13B56 /* Line.m in Sources */,
				15C8228F1A800E4300F13B56 /* MainViewController.m in Sources */,
				15C822C01A801CD800F13B56 /* GameViewController.m in Sources */,
				15C8228C1A800E4300F13B56 /* AppDelegate.m in Sources */,
				15C822C31A801CD800F13B56 /* PoolTableView.m in Sources */,
				15C822BD1A801CD800F13B56 /* BallView.m in Sources */,
				15C822891A800E4300F13B56 /* main.m in Sources */,
				15C822C11A801CD800F13B56 /* InfoLayerView.m in Sources */,
				15C822AE1A80129700F13B56 /* GameMainView.m in Sources */,
			);
			runOnlyForDeploymentPostprocessing = 0;
		};
		15C822981A800E4300F13B56 /* Sources */ = {
			isa = PBXSourcesBuildPhase;
			buildActionMask = 2147483647;
			files = (
				15C822A31A800E4300F13B56 /* Poolhall_JunglesTests.m in Sources */,
			);
			runOnlyForDeploymentPostprocessing = 0;
		};
/* End PBXSourcesBuildPhase section */

/* Begin PBXTargetDependency section */
		15C8229E1A800E4300F13B56 /* PBXTargetDependency */ = {
			isa = PBXTargetDependency;
			target = 15C822821A800E4300F13B56 /* Poolhall Jungles */;
			targetProxy = 15C8229D1A800E4300F13B56 /* PBXContainerItemProxy */;
		};
/* End PBXTargetDependency section */

/* Begin PBXVariantGroup section */
		15C822901A800E4300F13B56 /* Main.storyboard */ = {
			isa = PBXVariantGroup;
			children = (
				15C822911A800E4300F13B56 /* Base */,
			);
			name = Main.storyboard;
			sourceTree = "<group>";
		};
		15C822951A800E4300F13B56 /* LaunchScreen.xib */ = {
			isa = PBXVariantGroup;
			children = (
				15C822961A800E4300F13B56 /* Base */,
			);
			name = LaunchScreen.xib;
			sourceTree = "<group>";
		};
/* End PBXVariantGroup section */

/* Begin XCBuildConfiguration section */
		15C822A41A800E4300F13B56 /* Debug */ = {
			isa = XCBuildConfiguration;
			buildSettings = {
				ALWAYS_SEARCH_USER_PATHS = NO;
				CLANG_CXX_LANGUAGE_STANDARD = "gnu++0x";
				CLANG_CXX_LIBRARY = "libc++";
				CLANG_ENABLE_MODULES = YES;
				CLANG_ENABLE_OBJC_ARC = YES;
				CLANG_WARN_BOOL_CONVERSION = YES;
				CLANG_WARN_CONSTANT_CONVERSION = YES;
				CLANG_WARN_DIRECT_OBJC_ISA_USAGE = YES_ERROR;
				CLANG_WARN_EMPTY_BODY = YES;
				CLANG_WARN_ENUM_CONVERSION = YES;
				CLANG_WARN_INT_CONVERSION = YES;
				CLANG_WARN_OBJC_ROOT_CLASS = YES_ERROR;
				CLANG_WARN_UNREACHABLE_CODE = YES;
				CLANG_WARN__DUPLICATE_METHOD_MATCH = YES;
				"CODE_SIGN_IDENTITY[sdk=iphoneos*]" = "iPhone Developer";
				COPY_PHASE_STRIP = NO;
				ENABLE_STRICT_OBJC_MSGSEND = YES;
				GCC_C_LANGUAGE_STANDARD = gnu99;
				GCC_DYNAMIC_NO_PIC = NO;
				GCC_OPTIMIZATION_LEVEL = 0;
				GCC_PREPROCESSOR_DEFINITIONS = (
					"DEBUG=1",
					"$(inherited)",
				);
				GCC_SYMBOLS_PRIVATE_EXTERN = NO;
				GCC_WARN_64_TO_32_BIT_CONVERSION = YES;
				GCC_WARN_ABOUT_RETURN_TYPE = YES_ERROR;
				GCC_WARN_UNDECLARED_SELECTOR = YES;
				GCC_WARN_UNINITIALIZED_AUTOS = YES_AGGRESSIVE;
				GCC_WARN_UNUSED_FUNCTION = YES;
				GCC_WARN_UNUSED_VARIABLE = YES;
				IPHONEOS_DEPLOYMENT_TARGET = 8.1;
				MTL_ENABLE_DEBUG_INFO = YES;
				ONLY_ACTIVE_ARCH = YES;
				SDKROOT = iphoneos;
				TARGETED_DEVICE_FAMILY = 2;
			};
			name = Debug;
		};
		15C822A51A800E4300F13B56 /* Release */ = {
			isa = XCBuildConfiguration;
			buildSettings = {
				ALWAYS_SEARCH_USER_PATHS = NO;
				CLANG_CXX_LANGUAGE_STANDARD = "gnu++0x";
				CLANG_CXX_LIBRARY = "libc++";
				CLANG_ENABLE_MODULES = YES;
				CLANG_ENABLE_OBJC_ARC = YES;
				CLANG_WARN_BOOL_CONVERSION = YES;
				CLANG_WARN_CONSTANT_CONVERSION = YES;
				CLANG_WARN_DIRECT_OBJC_ISA_USAGE = YES_ERROR;
				CLANG_WARN_EMPTY_BODY = YES;
				CLANG_WARN_ENUM_CONVERSION = YES;
				CLANG_WARN_INT_CONVERSION = YES;
				CLANG_WARN_OBJC_ROOT_CLASS = YES_ERROR;
				CLANG_WARN_UNREACHABLE_CODE = YES;
				CLANG_WARN__DUPLICATE_METHOD_MATCH = YES;
				"CODE_SIGN_IDENTITY[sdk=iphoneos*]" = "iPhone Developer";
				COPY_PHASE_STRIP = YES;
				ENABLE_NS_ASSERTIONS = NO;
				ENABLE_STRICT_OBJC_MSGSEND = YES;
				GCC_C_LANGUAGE_STANDARD = gnu99;
				GCC_WARN_64_TO_32_BIT_CONVERSION = YES;
				GCC_WARN_ABOUT_RETURN_TYPE = YES_ERROR;
				GCC_WARN_UNDECLARED_SELECTOR = YES;
				GCC_WARN_UNINITIALIZED_AUTOS = YES_AGGRESSIVE;
				GCC_WARN_UNUSED_FUNCTION = YES;
				GCC_WARN_UNUSED_VARIABLE = YES;
				IPHONEOS_DEPLOYMENT_TARGET = 8.1;
				MTL_ENABLE_DEBUG_INFO = NO;
				SDKROOT = iphoneos;
				TARGETED_DEVICE_FAMILY = 2;
				VALIDATE_PRODUCT = YES;
			};
			name = Release;
		};
		15C822A71A800E4300F13B56 /* Debug */ = {
			isa = XCBuildConfiguration;
			buildSettings = {
				ASSETCATALOG_COMPILER_APPICON_NAME = AppIcon;
				INFOPLIST_FILE = "Poolhall Jungles/Info.plist";
				LD_RUNPATH_SEARCH_PATHS = "$(inherited) @executable_path/Frameworks";
				PRODUCT_NAME = "$(TARGET_NAME)";
			};
			name = Debug;
		};
		15C822A81A800E4300F13B56 /* Release */ = {
			isa = XCBuildConfiguration;
			buildSettings = {
				ASSETCATALOG_COMPILER_APPICON_NAME = AppIcon;
				INFOPLIST_FILE = "Poolhall Jungles/Info.plist";
				LD_RUNPATH_SEARCH_PATHS = "$(inherited) @executable_path/Frameworks";
				PRODUCT_NAME = "$(TARGET_NAME)";
			};
			name = Release;
		};
		15C822AA1A800E4300F13B56 /* Debug */ = {
			isa = XCBuildConfiguration;
			buildSettings = {
				BUNDLE_LOADER = "$(TEST_HOST)";
				FRAMEWORK_SEARCH_PATHS = (
					"$(SDKROOT)/Developer/Library/Frameworks",
					"$(inherited)",
				);
				GCC_PREPROCESSOR_DEFINITIONS = (
					"DEBUG=1",
					"$(inherited)",
				);
				INFOPLIST_FILE = "Poolhall JunglesTests/Info.plist";
				LD_RUNPATH_SEARCH_PATHS = "$(inherited) @executable_path/Frameworks @loader_path/Frameworks";
				PRODUCT_NAME = "$(TARGET_NAME)";
				TEST_HOST = "$(BUILT_PRODUCTS_DIR)/Poolhall Jungles.app/Poolhall Jungles";
			};
			name = Debug;
		};
		15C822AB1A800E4300F13B56 /* Release */ = {
			isa = XCBuildConfiguration;
			buildSettings = {
				BUNDLE_LOADER = "$(TEST_HOST)";
				FRAMEWORK_SEARCH_PATHS = (
					"$(SDKROOT)/Developer/Library/Frameworks",
					"$(inherited)",
				);
				INFOPLIST_FILE = "Poolhall JunglesTests/Info.plist";
				LD_RUNPATH_SEARCH_PATHS = "$(inherited) @executable_path/Frameworks @loader_path/Frameworks";
				PRODUCT_NAME = "$(TARGET_NAME)";
				TEST_HOST = "$(BUILT_PRODUCTS_DIR)/Poolhall Jungles.app/Poolhall Jungles";
			};
			name = Release;
		};
/* End XCBuildConfiguration section */

/* Begin XCConfigurationList section */
		15C8227E1A800E4300F13B56 /* Build configuration list for PBXProject "Poolhall Jungles" */ = {
			isa = XCConfigurationList;
			buildConfigurations = (
				15C822A41A800E4300F13B56 /* Debug */,
				15C822A51A800E4300F13B56 /* Release */,
			);
			defaultConfigurationIsVisible = 0;
			defaultConfigurationName = Release;
		};
		15C822A61A800E4300F13B56 /* Build configuration list for PBXNativeTarget "Poolhall Jungles" */ = {
			isa = XCConfigurationList;
			buildConfigurations = (
				15C822A71A800E4300F13B56 /* Debug */,
				15C822A81A800E4300F13B56 /* Release */,
			);
			defaultConfigurationIsVisible = 0;
			defaultConfigurationName = Release;
		};
		15C822A91A800E4300F13B56 /* Build configuration list for PBXNativeTarget "Poolhall JunglesTests" */ = {
			isa = XCConfigurationList;
			buildConfigurations = (
				15C822AA1A800E4300F13B56 /* Debug */,
				15C822AB1A800E4300F13B56 /* Release */,
			);
			defaultConfigurationIsVisible = 0;
			defaultConfigurationName = Release;
		};
/* End XCConfigurationList section */
	};
	rootObject = 15C8227B1A800E4300F13B56 /* Project object */;
}
