// !$*UTF8*$!
{
	archiveVersion = 1;
	classes = {
	};
	objectVersion = 46;
	objects = {

/* Begin PBXBuildFile section */
		15D1766C1950513B00E694C0 /* Foundation.framework in Frameworks */ = {isa = PBXBuildFile; fileRef = 15D1766B1950513B00E694C0 /* Foundation.framework */; };
		15D1766E1950513B00E694C0 /* CoreGraphics.framework in Frameworks */ = {isa = PBXBuildFile; fileRef = 15D1766D1950513B00E694C0 /* CoreGraphics.framework */; };
		15D176701950513B00E694C0 /* UIKit.framework in Frameworks */ = {isa = PBXBuildFile; fileRef = 15D1766F1950513B00E694C0 /* UIKit.framework */; };
		15D176761950513B00E694C0 /* InfoPlist.strings in Resources */ = {isa = PBXBuildFile; fileRef = 15D176741950513B00E694C0 /* InfoPlist.strings */; };
		15D176781950513B00E694C0 /* main.m in Sources */ = {isa = PBXBuildFile; fileRef = 15D176771950513B00E694C0 /* main.m */; };
		15D1767C1950513B00E694C0 /* AppDelegate.m in Sources */ = {isa = PBXBuildFile; fileRef = 15D1767B1950513B00E694C0 /* AppDelegate.m */; };
		15D1767F1950513B00E694C0 /* Main_iPhone.storyboard in Resources */ = {isa = PBXBuildFile; fileRef = 15D1767D1950513B00E694C0 /* Main_iPhone.storyboard */; };
		15D176821950513B00E694C0 /* Main_iPad.storyboard in Resources */ = {isa = PBXBuildFile; fileRef = 15D176801950513B00E694C0 /* Main_iPad.storyboard */; };
		15D176851950513B00E694C0 /* MasterViewController.m in Sources */ = {isa = PBXBuildFile; fileRef = 15D176841950513B00E694C0 /* MasterViewController.m */; };
		15D176881950513B00E694C0 /* DetailViewController.m in Sources */ = {isa = PBXBuildFile; fileRef = 15D176871950513B00E694C0 /* DetailViewController.m */; };
		15D1768A1950513B00E694C0 /* Images.xcassets in Resources */ = {isa = PBXBuildFile; fileRef = 15D176891950513B00E694C0 /* Images.xcassets */; };
		15D176911950513B00E694C0 /* XCTest.framework in Frameworks */ = {isa = PBXBuildFile; fileRef = 15D176901950513B00E694C0 /* XCTest.framework */; };
		15D176921950513B00E694C0 /* Foundation.framework in Frameworks */ = {isa = PBXBuildFile; fileRef = 15D1766B1950513B00E694C0 /* Foundation.framework */; };
		15D176931950513B00E694C0 /* UIKit.framework in Frameworks */ = {isa = PBXBuildFile; fileRef = 15D1766F1950513B00E694C0 /* UIKit.framework */; };
		15D1769B1950513B00E694C0 /* InfoPlist.strings in Resources */ = {isa = PBXBuildFile; fileRef = 15D176991950513B00E694C0 /* InfoPlist.strings */; };
		15D1769D1950513B00E694C0 /* MonobrandTests.m in Sources */ = {isa = PBXBuildFile; fileRef = 15D1769C1950513B00E694C0 /* MonobrandTests.m */; };
/* End PBXBuildFile section */

/* Begin PBXContainerItemProxy section */
		15D176941950513B00E694C0 /* PBXContainerItemProxy */ = {
			isa = PBXContainerItemProxy;
			containerPortal = 15D176601950513B00E694C0 /* Project object */;
			proxyType = 1;
			remoteGlobalIDString = 15D176671950513B00E694C0;
			remoteInfo = Monobrand;
		};
/* End PBXContainerItemProxy section */

/* Begin PBXFileReference section */
		15D176681950513B00E694C0 /* Monobrand.app */ = {isa = PBXFileReference; explicitFileType = wrapper.application; includeInIndex = 0; path = Monobrand.app; sourceTree = BUILT_PRODUCTS_DIR; };
		15D1766B1950513B00E694C0 /* Foundation.framework */ = {isa = PBXFileReference; lastKnownFileType = wrapper.framework; name = Foundation.framework; path = System/Library/Frameworks/Foundation.framework; sourceTree = SDKROOT; };
		15D1766D1950513B00E694C0 /* CoreGraphics.framework */ = {isa = PBXFileReference; lastKnownFileType = wrapper.framework; name = CoreGraphics.framework; path = System/Library/Frameworks/CoreGraphics.framework; sourceTree = SDKROOT; };
		15D1766F1950513B00E694C0 /* UIKit.framework */ = {isa = PBXFileReference; lastKnownFileType = wrapper.framework; name = UIKit.framework; path = System/Library/Frameworks/UIKit.framework; sourceTree = SDKROOT; };
		15D176731950513B00E694C0 /* Monobrand-Info.plist */ = {isa = PBXFileReference; lastKnownFileType = text.plist.xml; path = "Monobrand-Info.plist"; sourceTree = "<group>"; };
		15D176751950513B00E694C0 /* en */ = {isa = PBXFileReference; lastKnownFileType = text.plist.strings; name = en; path = en.lproj/InfoPlist.strings; sourceTree = "<group>"; };
		15D176771950513B00E694C0 /* main.m */ = {isa = PBXFileReference; lastKnownFileType = sourcecode.c.objc; path = main.m; sourceTree = "<group>"; };
		15D176791950513B00E694C0 /* Monobrand-Prefix.pch */ = {isa = PBXFileReference; lastKnownFileType = sourcecode.c.h; path = "Monobrand-Prefix.pch"; sourceTree = "<group>"; };
		15D1767A1950513B00E694C0 /* AppDelegate.h */ = {isa = PBXFileReference; lastKnownFileType = sourcecode.c.h; path = AppDelegate.h; sourceTree = "<group>"; };
		15D1767B1950513B00E694C0 /* AppDelegate.m */ = {isa = PBXFileReference; lastKnownFileType = sourcecode.c.objc; path = AppDelegate.m; sourceTree = "<group>"; };
		15D1767E1950513B00E694C0 /* Base */ = {isa = PBXFileReference; lastKnownFileType = file.storyboard; name = Base; path = Base.lproj/Main_iPhone.storyboard; sourceTree = "<group>"; };
		15D176811950513B00E694C0 /* Base */ = {isa = PBXFileReference; lastKnownFileType = file.storyboard; name = Base; path = Base.lproj/Main_iPad.storyboard; sourceTree = "<group>"; };
		15D176831950513B00E694C0 /* MasterViewController.h */ = {isa = PBXFileReference; lastKnownFileType = sourcecode.c.h; path = MasterViewController.h; sourceTree = "<group>"; };
		15D176841950513B00E694C0 /* MasterViewController.m */ = {isa = PBXFileReference; lastKnownFileType = sourcecode.c.objc; path = MasterViewController.m; sourceTree = "<group>"; };
		15D176861950513B00E694C0 /* DetailViewController.h */ = {isa = PBXFileReference; lastKnownFileType = sourcecode.c.h; path = DetailViewController.h; sourceTree = "<group>"; };
		15D176871950513B00E694C0 /* DetailViewController.m */ = {isa = PBXFileReference; lastKnownFileType = sourcecode.c.objc; path = DetailViewController.m; sourceTree = "<group>"; };
		15D176891950513B00E694C0 /* Images.xcassets */ = {isa = PBXFileReference; lastKnownFileType = folder.assetcatalog; path = Images.xcassets; sourceTree = "<group>"; };
		15D1768F1950513B00E694C0 /* MonobrandTests.xctest */ = {isa = PBXFileReference; explicitFileType = wrapper.cfbundle; includeInIndex = 0; path = MonobrandTests.xctest; sourceTree = BUILT_PRODUCTS_DIR; };
		15D176901950513B00E694C0 /* XCTest.framework */ = {isa = PBXFileReference; lastKnownFileType = wrapper.framework; name = XCTest.framework; path = Library/Frameworks/XCTest.framework; sourceTree = DEVELOPER_DIR; };
		15D176981950513B00E694C0 /* MonobrandTests-Info.plist */ = {isa = PBXFileReference; lastKnownFileType = text.plist.xml; path = "MonobrandTests-Info.plist"; sourceTree = "<group>"; };
		15D1769A1950513B00E694C0 /* en */ = {isa = PBXFileReference; lastKnownFileType = text.plist.strings; name = en; path = en.lproj/InfoPlist.strings; sourceTree = "<group>"; };
		15D1769C1950513B00E694C0 /* MonobrandTests.m */ = {isa = PBXFileReference; lastKnownFileType = sourcecode.c.objc; path = MonobrandTests.m; sourceTree = "<group>"; };
/* End PBXFileReference section */

/* Begin PBXFrameworksBuildPhase section */
		15D176651950513B00E694C0 /* Frameworks */ = {
			isa = PBXFrameworksBuildPhase;
			buildActionMask = 2147483647;
			files = (
				15D1766E1950513B00E694C0 /* CoreGraphics.framework in Frameworks */,
				15D176701950513B00E694C0 /* UIKit.framework in Frameworks */,
				15D1766C1950513B00E694C0 /* Foundation.framework in Frameworks */,
			);
			runOnlyForDeploymentPostprocessing = 0;
		};
		15D1768C1950513B00E694C0 /* Frameworks */ = {
			isa = PBXFrameworksBuildPhase;
			buildActionMask = 2147483647;
			files = (
				15D176911950513B00E694C0 /* XCTest.framework in Frameworks */,
				15D176931950513B00E694C0 /* UIKit.framework in Frameworks */,
				15D176921950513B00E694C0 /* Foundation.framework in Frameworks */,
			);
			runOnlyForDeploymentPostprocessing = 0;
		};
/* End PBXFrameworksBuildPhase section */

/* Begin PBXGroup section */
		15D1765F1950513B00E694C0 = {
			isa = PBXGroup;
			children = (
				15D176711950513B00E694C0 /* Monobrand */,
				15D176961950513B00E694C0 /* MonobrandTests */,
				15D1766A1950513B00E694C0 /* Frameworks */,
				15D176691950513B00E694C0 /* Products */,
			);
			sourceTree = "<group>";
		};
		15D176691950513B00E694C0 /* Products */ = {
			isa = PBXGroup;
			children = (
				15D176681950513B00E694C0 /* Monobrand.app */,
				15D1768F1950513B00E694C0 /* MonobrandTests.xctest */,
			);
			name = Products;
			sourceTree = "<group>";
		};
		15D1766A1950513B00E694C0 /* Frameworks */ = {
			isa = PBXGroup;
			children = (
				15D1766B1950513B00E694C0 /* Foundation.framework */,
				15D1766D1950513B00E694C0 /* CoreGraphics.framework */,
				15D1766F1950513B00E694C0 /* UIKit.framework */,
				15D176901950513B00E694C0 /* XCTest.framework */,
			);
			name = Frameworks;
			sourceTree = "<group>";
		};
		15D176711950513B00E694C0 /* Monobrand */ = {
			isa = PBXGroup;
			children = (
				15D1767A1950513B00E694C0 /* AppDelegate.h */,
				15D1767B1950513B00E694C0 /* AppDelegate.m */,
				15D1767D1950513B00E694C0 /* Main_iPhone.storyboard */,
				15D176801950513B00E694C0 /* Main_iPad.storyboard */,
				15D176831950513B00E694C0 /* MasterViewController.h */,
				15D176841950513B00E694C0 /* MasterViewController.m */,
				15D176861950513B00E694C0 /* DetailViewController.h */,
				15D176871950513B00E694C0 /* DetailViewController.m */,
				15D176891950513B00E694C0 /* Images.xcassets */,
				15D176721950513B00E694C0 /* Supporting Files */,
			);
			path = Monobrand;
			sourceTree = "<group>";
		};
		15D176721950513B00E694C0 /* Supporting Files */ = {
			isa = PBXGroup;
			children = (
				15D176731950513B00E694C0 /* Monobrand-Info.plist */,
				15D176741950513B00E694C0 /* InfoPlist.strings */,
				15D176771950513B00E694C0 /* main.m */,
				15D176791950513B00E694C0 /* Monobrand-Prefix.pch */,
			);
			name = "Supporting Files";
			sourceTree = "<group>";
		};
		15D176961950513B00E694C0 /* MonobrandTests */ = {
			isa = PBXGroup;
			children = (
				15D1769C1950513B00E694C0 /* MonobrandTests.m */,
				15D176971950513B00E694C0 /* Supporting Files */,
			);
			path = MonobrandTests;
			sourceTree = "<group>";
		};
		15D176971950513B00E694C0 /* Supporting Files */ = {
			isa = PBXGroup;
			children = (
				15D176981950513B00E694C0 /* MonobrandTests-Info.plist */,
				15D176991950513B00E694C0 /* InfoPlist.strings */,
			);
			name = "Supporting Files";
			sourceTree = "<group>";
		};
/* End PBXGroup section */

/* Begin PBXNativeTarget section */
		15D176671950513B00E694C0 /* Monobrand */ = {
			isa = PBXNativeTarget;
			buildConfigurationList = 15D176A01950513B00E694C0 /* Build configuration list for PBXNativeTarget "Monobrand" */;
			buildPhases = (
				15D176641950513B00E694C0 /* Sources */,
				15D176651950513B00E694C0 /* Frameworks */,
				15D176661950513B00E694C0 /* Resources */,
			);
			buildRules = (
			);
			dependencies = (
			);
			name = Monobrand;
			productName = Monobrand;
			productReference = 15D176681950513B00E694C0 /* Monobrand.app */;
			productType = "com.apple.product-type.application";
		};
		15D1768E1950513B00E694C0 /* MonobrandTests */ = {
			isa = PBXNativeTarget;
			buildConfigurationList = 15D176A31950513B00E694C0 /* Build configuration list for PBXNativeTarget "MonobrandTests" */;
			buildPhases = (
				15D1768B1950513B00E694C0 /* Sources */,
				15D1768C1950513B00E694C0 /* Frameworks */,
				15D1768D1950513B00E694C0 /* Resources */,
			);
			buildRules = (
			);
			dependencies = (
				15D176951950513B00E694C0 /* PBXTargetDependency */,
			);
			name = MonobrandTests;
			productName = MonobrandTests;
			productReference = 15D1768F1950513B00E694C0 /* MonobrandTests.xctest */;
			productType = "com.apple.product-type.bundle.unit-test";
		};
/* End PBXNativeTarget section */

/* Begin PBXProject section */
		15D176601950513B00E694C0 /* Project object */ = {
			isa = PBXProject;
			attributes = {
				LastUpgradeCheck = 0510;
				ORGANIZATIONNAME = MAKSBURO;
				TargetAttributes = {
					15D1768E1950513B00E694C0 = {
						TestTargetID = 15D176671950513B00E694C0;
					};
				};
			};
			buildConfigurationList = 15D176631950513B00E694C0 /* Build configuration list for PBXProject "Monobrand" */;
			compatibilityVersion = "Xcode 3.2";
			developmentRegion = English;
			hasScannedForEncodings = 0;
			knownRegions = (
				en,
				Base,
			);
			mainGroup = 15D1765F1950513B00E694C0;
			productRefGroup = 15D176691950513B00E694C0 /* Products */;
			projectDirPath = "";
			projectRoot = "";
			targets = (
				15D176671950513B00E694C0 /* Monobrand */,
				15D1768E1950513B00E694C0 /* MonobrandTests */,
			);
		};
/* End PBXProject section */

/* Begin PBXResourcesBuildPhase section */
		15D176661950513B00E694C0 /* Resources */ = {
			isa = PBXResourcesBuildPhase;
			buildActionMask = 2147483647;
			files = (
				15D176821950513B00E694C0 /* Main_iPad.storyboard in Resources */,
				15D1768A1950513B00E694C0 /* Images.xcassets in Resources */,
				15D1767F1950513B00E694C0 /* Main_iPhone.storyboard in Resources */,
				15D176761950513B00E694C0 /* InfoPlist.strings in Resources */,
			);
			runOnlyForDeploymentPostprocessing = 0;
		};
		15D1768D1950513B00E694C0 /* Resources */ = {
			isa = PBXResourcesBuildPhase;
			buildActionMask = 2147483647;
			files = (
				15D1769B1950513B00E694C0 /* InfoPlist.strings in Resources */,
			);
			runOnlyForDeploymentPostprocessing = 0;
		};
/* End PBXResourcesBuildPhase section */

/* Begin PBXSourcesBuildPhase section */
		15D176641950513B00E694C0 /* Sources */ = {
			isa = PBXSourcesBuildPhase;
			buildActionMask = 2147483647;
			files = (
				15D1767C1950513B00E694C0 /* AppDelegate.m in Sources */,
				15D176851950513B00E694C0 /* MasterViewController.m in Sources */,
				15D176781950513B00E694C0 /* main.m in Sources */,
				15D176881950513B00E694C0 /* DetailViewController.m in Sources */,
			);
			runOnlyForDeploymentPostprocessing = 0;
		};
		15D1768B1950513B00E694C0 /* Sources */ = {
			isa = PBXSourcesBuildPhase;
			buildActionMask = 2147483647;
			files = (
				15D1769D1950513B00E694C0 /* MonobrandTests.m in Sources */,
			);
			runOnlyForDeploymentPostprocessing = 0;
		};
/* End PBXSourcesBuildPhase section */

/* Begin PBXTargetDependency section */
		15D176951950513B00E694C0 /* PBXTargetDependency */ = {
			isa = PBXTargetDependency;
			target = 15D176671950513B00E694C0 /* Monobrand */;
			targetProxy = 15D176941950513B00E694C0 /* PBXContainerItemProxy */;
		};
/* End PBXTargetDependency section */

/* Begin PBXVariantGroup section */
		15D176741950513B00E694C0 /* InfoPlist.strings */ = {
			isa = PBXVariantGroup;
			children = (
				15D176751950513B00E694C0 /* en */,
			);
			name = InfoPlist.strings;
			sourceTree = "<group>";
		};
		15D1767D1950513B00E694C0 /* Main_iPhone.storyboard */ = {
			isa = PBXVariantGroup;
			children = (
				15D1767E1950513B00E694C0 /* Base */,
			);
			name = Main_iPhone.storyboard;
			sourceTree = "<group>";
		};
		15D176801950513B00E694C0 /* Main_iPad.storyboard */ = {
			isa = PBXVariantGroup;
			children = (
				15D176811950513B00E694C0 /* Base */,
			);
			name = Main_iPad.storyboard;
			sourceTree = "<group>";
		};
		15D176991950513B00E694C0 /* InfoPlist.strings */ = {
			isa = PBXVariantGroup;
			children = (
				15D1769A1950513B00E694C0 /* en */,
			);
			name = InfoPlist.strings;
			sourceTree = "<group>";
		};
/* End PBXVariantGroup section */

/* Begin XCBuildConfiguration section */
		15D1769E1950513B00E694C0 /* Debug */ = {
			isa = XCBuildConfiguration;
			buildSettings = {
				ALWAYS_SEARCH_USER_PATHS = NO;
				CLANG_CXX_LANGUAGE_STANDARD = "gnu++0x";
				CLANG_CXX_LIBRARY = "libc++";
				CLANG_ENABLE_MODULES = YES;
				CLANG_ENABLE_OBJC_ARC = YES;
				CLANG_WARN_BOOL_CONVERSION = YES;
				CLANG_WARN_CONSTANT_CONVERSION = YES;
				CLANG_WARN_DIRECT_OBJC_ISA_USAGE = YES_ERROR;
				CLANG_WARN_EMPTY_BODY = YES;
				CLANG_WARN_ENUM_CONVERSION = YES;
				CLANG_WARN_INT_CONVERSION = YES;
				CLANG_WARN_OBJC_ROOT_CLASS = YES_ERROR;
				CLANG_WARN__DUPLICATE_METHOD_MATCH = YES;
				"CODE_SIGN_IDENTITY[sdk=iphoneos*]" = "iPhone Developer";
				COPY_PHASE_STRIP = NO;
				GCC_C_LANGUAGE_STANDARD = gnu99;
				GCC_DYNAMIC_NO_PIC = NO;
				GCC_OPTIMIZATION_LEVEL = 0;
				GCC_PREPROCESSOR_DEFINITIONS = (
					"DEBUG=1",
					"$(inherited)",
				);
				GCC_SYMBOLS_PRIVATE_EXTERN = NO;
				GCC_WARN_64_TO_32_BIT_CONVERSION = YES;
				GCC_WARN_ABOUT_RETURN_TYPE = YES_ERROR;
				GCC_WARN_UNDECLARED_SELECTOR = YES;
				GCC_WARN_UNINITIALIZED_AUTOS = YES_AGGRESSIVE;
				GCC_WARN_UNUSED_FUNCTION = YES;
				GCC_WARN_UNUSED_VARIABLE = YES;
				IPHONEOS_DEPLOYMENT_TARGET = 7.1;
				ONLY_ACTIVE_ARCH = YES;
				SDKROOT = iphoneos;
				TARGETED_DEVICE_FAMILY = "1,2";
			};
			name = Debug;
		};
		15D1769F1950513B00E694C0 /* Release */ = {
			isa = XCBuildConfiguration;
			buildSettings = {
				ALWAYS_SEARCH_USER_PATHS = NO;
				CLANG_CXX_LANGUAGE_STANDARD = "gnu++0x";
				CLANG_CXX_LIBRARY = "libc++";
				CLANG_ENABLE_MODULES = YES;
				CLANG_ENABLE_OBJC_ARC = YES;
				CLANG_WARN_BOOL_CONVERSION = YES;
				CLANG_WARN_CONSTANT_CONVERSION = YES;
				CLANG_WARN_DIRECT_OBJC_ISA_USAGE = YES_ERROR;
				CLANG_WARN_EMPTY_BODY = YES;
				CLANG_WARN_ENUM_CONVERSION = YES;
				CLANG_WARN_INT_CONVERSION = YES;
				CLANG_WARN_OBJC_ROOT_CLASS = YES_ERROR;
				CLANG_WARN__DUPLICATE_METHOD_MATCH = YES;
				"CODE_SIGN_IDENTITY[sdk=iphoneos*]" = "iPhone Developer";
				COPY_PHASE_STRIP = YES;
				ENABLE_NS_ASSERTIONS = NO;
				GCC_C_LANGUAGE_STANDARD = gnu99;
				GCC_WARN_64_TO_32_BIT_CONVERSION = YES;
				GCC_WARN_ABOUT_RETURN_TYPE = YES_ERROR;
				GCC_WARN_UNDECLARED_SELECTOR = YES;
				GCC_WARN_UNINITIALIZED_AUTOS = YES_AGGRESSIVE;
				GCC_WARN_UNUSED_FUNCTION = YES;
				GCC_WARN_UNUSED_VARIABLE = YES;
				IPHONEOS_DEPLOYMENT_TARGET = 7.1;
				SDKROOT = iphoneos;
				TARGETED_DEVICE_FAMILY = "1,2";
				VALIDATE_PRODUCT = YES;
			};
			name = Release;
		};
		15D176A11950513B00E694C0 /* Debug */ = {
			isa = XCBuildConfiguration;
			buildSettings = {
				ASSETCATALOG_COMPILER_APPICON_NAME = AppIcon;
				ASSETCATALOG_COMPILER_LAUNCHIMAGE_NAME = LaunchImage;
				GCC_PRECOMPILE_PREFIX_HEADER = YES;
				GCC_PREFIX_HEADER = "Monobrand/Monobrand-Prefix.pch";
				INFOPLIST_FILE = "Monobrand/Monobrand-Info.plist";
				PRODUCT_NAME = "$(TARGET_NAME)";
				WRAPPER_EXTENSION = app;
			};
			name = Debug;
		};
		15D176A21950513B00E694C0 /* Release */ = {
			isa = XCBuildConfiguration;
			buildSettings = {
				ASSETCATALOG_COMPILER_APPICON_NAME = AppIcon;
				ASSETCATALOG_COMPILER_LAUNCHIMAGE_NAME = LaunchImage;
				GCC_PRECOMPILE_PREFIX_HEADER = YES;
				GCC_PREFIX_HEADER = "Monobrand/Monobrand-Prefix.pch";
				INFOPLIST_FILE = "Monobrand/Monobrand-Info.plist";
				PRODUCT_NAME = "$(TARGET_NAME)";
				WRAPPER_EXTENSION = app;
			};
			name = Release;
		};
		15D176A41950513B00E694C0 /* Debug */ = {
			isa = XCBuildConfiguration;
			buildSettings = {
				BUNDLE_LOADER = "$(BUILT_PRODUCTS_DIR)/Monobrand.app/Monobrand";
				FRAMEWORK_SEARCH_PATHS = (
					"$(SDKROOT)/Developer/Library/Frameworks",
					"$(inherited)",
					"$(DEVELOPER_FRAMEWORKS_DIR)",
				);
				GCC_PRECOMPILE_PREFIX_HEADER = YES;
				GCC_PREFIX_HEADER = "Monobrand/Monobrand-Prefix.pch";
				GCC_PREPROCESSOR_DEFINITIONS = (
					"DEBUG=1",
					"$(inherited)",
				);
				INFOPLIST_FILE = "MonobrandTests/MonobrandTests-Info.plist";
				PRODUCT_NAME = "$(TARGET_NAME)";
				TEST_HOST = "$(BUNDLE_LOADER)";
				WRAPPER_EXTENSION = xctest;
			};
			name = Debug;
		};
		15D176A51950513B00E694C0 /* Release */ = {
			isa = XCBuildConfiguration;
			buildSettings = {
				BUNDLE_LOADER = "$(BUILT_PRODUCTS_DIR)/Monobrand.app/Monobrand";
				FRAMEWORK_SEARCH_PATHS = (
					"$(SDKROOT)/Developer/Library/Frameworks",
					"$(inherited)",
					"$(DEVELOPER_FRAMEWORKS_DIR)",
				);
				GCC_PRECOMPILE_PREFIX_HEADER = YES;
				GCC_PREFIX_HEADER = "Monobrand/Monobrand-Prefix.pch";
				INFOPLIST_FILE = "MonobrandTests/MonobrandTests-Info.plist";
				PRODUCT_NAME = "$(TARGET_NAME)";
				TEST_HOST = "$(BUNDLE_LOADER)";
				WRAPPER_EXTENSION = xctest;
			};
			name = Release;
		};
/* End XCBuildConfiguration section */

/* Begin XCConfigurationList section */
		15D176631950513B00E694C0 /* Build configuration list for PBXProject "Monobrand" */ = {
			isa = XCConfigurationList;
			buildConfigurations = (
				15D1769E1950513B00E694C0 /* Debug */,
				15D1769F1950513B00E694C0 /* Release */,
			);
			defaultConfigurationIsVisible = 0;
			defaultConfigurationName = Release;
		};
		15D176A01950513B00E694C0 /* Build configuration list for PBXNativeTarget "Monobrand" */ = {
			isa = XCConfigurationList;
			buildConfigurations = (
				15D176A11950513B00E694C0 /* Debug */,
				15D176A21950513B00E694C0 /* Release */,
			);
			defaultConfigurationIsVisible = 0;
		};
		15D176A31950513B00E694C0 /* Build configuration list for PBXNativeTarget "MonobrandTests" */ = {
			isa = XCConfigurationList;
			buildConfigurations = (
				15D176A41950513B00E694C0 /* Debug */,
				15D176A51950513B00E694C0 /* Release */,
			);
			defaultConfigurationIsVisible = 0;
		};
/* End XCConfigurationList section */
	};
	rootObject = 15D176601950513B00E694C0 /* Project object */;
}
